
Microsoft Visual Studio Solution File, Format Version 9.00
# Visual Studio 2005
Project("{8BC9CEB8-8B4A-11D0-8D11-00A0C91BC942}") = "APISRLab", "APISRLab\APISRLab.vcproj", "{13DCD831-34A9-4618-9536-9C556BB05F6C}"
EndProject
Project("{FAE04EC0-301F-11D3-BF4B-00C04F79EFBC}") = "Test", "Test\Test.csproj", "{F7B29D4E-F7D2-46A8-B52C-B11788D3579E}"
EndProject
Global
	GlobalSection(SourceCodeControl) = preSolution
		SccNumberOfProjects = 3
		SccProjectName0 = \u0022$/OrderExecution/COMMON/APISRLab\u0022,\u0020SEZCAAAA
		SccLocalPath0 = .
		SccProvider0 = MSSCCI:Microsoft\u0020Visual\u0020SourceSafe
		CanCheckoutShared = true
		SccProjectUniqueName1 = APISRLab\\APISRLab.vcproj
		SccLocalPath1 = .
		CanCheckoutShared = true
		SccProjectFilePathRelativizedFromConnection1 = APISRLab\\
		SccProjectUniqueName2 = Test\\Test.csproj
		SccLocalPath2 = .
		CanCheckoutShared = true
		SccProjectFilePathRelativizedFromConnection2 = Test\\
	EndGlobalSection
	GlobalSection(SolutionConfigurationPlatforms) = preSolution
		Debug|Any CPU = Debug|Any CPU
		Debug|Mixed Platforms = Debug|Mixed Platforms
		Debug|Win32 = Debug|Win32
		Release|Any CPU = Release|Any CPU
		Release|Mixed Platforms = Release|Mixed Platforms
		Release|Win32 = Release|Win32
	EndGlobalSection
	GlobalSection(ProjectConfigurationPlatforms) = postSolution
		{13DCD831-34A9-4618-9536-9C556BB05F6C}.Debug|Any CPU.ActiveCfg = Debug|Win32
		{13DCD831-34A9-4618-9536-9C556BB05F6C}.Debug|Mixed Platforms.ActiveCfg = Release|Win32
		{13DCD831-34A9-4618-9536-9C556BB05F6C}.Debug|Mixed Platforms.Build.0 = Release|Win32
		{13DCD831-34A9-4618-9536-9C556BB05F6C}.Debug|Win32.ActiveCfg = Debug|Win32
		{13DCD831-34A9-4618-9536-9C556BB05F6C}.Debug|Win32.Build.0 = Debug|Win32
		{13DCD831-34A9-4618-9536-9C556BB05F6C}.Release|Any CPU.ActiveCfg = Release|Win32
		{13DCD831-34A9-4618-9536-9C556BB05F6C}.Release|Mixed Platforms.ActiveCfg = Release|Win32
		{13DCD831-34A9-4618-9536-9C556BB05F6C}.Release|Mixed Platforms.Build.0 = Release|Win32
		{13DCD831-34A9-4618-9536-9C556BB05F6C}.Release|Win32.ActiveCfg = Release|Win32
		{13DCD831-34A9-4618-9536-9C556BB05F6C}.Release|Win32.Build.0 = Release|Win32
		{F7B29D4E-F7D2-46A8-B52C-B11788D3579E}.Debug|Any CPU.ActiveCfg = Debug|Any CPU
		{F7B29D4E-F7D2-46A8-B52C-B11788D3579E}.Debug|Any CPU.Build.0 = Debug|Any CPU
		{F7B29D4E-F7D2-46A8-B52C-B11788D3579E}.Debug|Mixed Platforms.ActiveCfg = Debug|Any CPU
		{F7B29D4E-F7D2-46A8-B52C-B11788D3579E}.Debug|Mixed Platforms.Build.0 = Debug|Any CPU
		{F7B29D4E-F7D2-46A8-B52C-B11788D3579E}.Debug|Win32.ActiveCfg = Debug|Any CPU
		{F7B29D4E-F7D2-46A8-B52C-B11788D3579E}.Release|Any CPU.ActiveCfg = Release|Any CPU
		{F7B29D4E-F7D2-46A8-B52C-B11788D3579E}.Release|Any CPU.Build.0 = Release|Any CPU
		{F7B29D4E-F7D2-46A8-B52C-B11788D3579E}.Release|Mixed Platforms.ActiveCfg = Release|Any CPU
		{F7B29D4E-F7D2-46A8-B52C-B11788D3579E}.Release|Mixed Platforms.Build.0 = Release|Any CPU
		{F7B29D4E-F7D2-46A8-B52C-B11788D3579E}.Release|Win32.ActiveCfg = Release|Any CPU
	EndGlobalSection
	GlobalSection(SolutionProperties) = preSolution
		HideSolutionNode = FALSE
	EndGlobalSection
EndGlobal
