
Microsoft Visual Studio Solution File, Format Version 9.00
# Visual Studio 2005
Project("{FAE04EC0-301F-11D3-BF4B-00C04F79EFBC}") = "ProtobufEx", "ProtobufEx\ProtobufEx.csproj", "{5D44B87E-782E-4EE2-AD52-B0666813BBBA}"
EndProject
Global
	GlobalSection(SolutionConfigurationPlatforms) = preSolution
		Debug|Any CPU = Debug|Any CPU
		Release|Any CPU = Release|Any CPU
	EndGlobalSection
	GlobalSection(ProjectConfigurationPlatforms) = postSolution
		{5D44B87E-782E-4EE2-AD52-B0666813BBBA}.Debug|Any CPU.ActiveCfg = Debug|Any CPU
		{5D44B87E-782E-4EE2-AD52-B0666813BBBA}.Debug|Any CPU.Build.0 = Debug|Any CPU
		{5D44B87E-782E-4EE2-AD52-B0666813BBBA}.Release|Any CPU.ActiveCfg = Release|Any CPU
		{5D44B87E-782E-4EE2-AD52-B0666813BBBA}.Release|Any CPU.Build.0 = Release|Any CPU
	EndGlobalSection
	GlobalSection(SolutionProperties) = preSolution
		HideSolutionNode = FALSE
	EndGlobalSection
EndGlobal
