
Microsoft Visual Studio Solution File, Format Version 9.00
# Visual Studio 2005
Project("{FAE04EC0-301F-11D3-BF4B-00C04F79EFBC}") = "SRLabEx", "..\SRLabEx\SRLabEx.csproj", "{BFB2E903-56C5-4F62-B40D-EA642CE51986}"
EndProject
Project("{FAE04EC0-301F-11D3-BF4B-00C04F79EFBC}") = "DateTimeEx", "..\DateTimeEx\DateTimeEx.csproj", "{68A29031-2B21-4D3F-9AEE-5F8226F60A44}"
EndProject
Project("{FAE04EC0-301F-11D3-BF4B-00C04F79EFBC}") = "LoggerEx", "..\LoggerEx\LoggerEx.csproj", "{650FA26A-3A41-449D-BBC0-877175514B35}"
EndProject
Project("{FAE04EC0-301F-11D3-BF4B-00C04F79EFBC}") = "BenchMarkEx", "..\BenchMarkEx\BenchMarkEx.csproj", "{9487B4C3-3188-4B84-AAEB-CE8321EEA38A}"
EndProject
Project("{FAE04EC0-301F-11D3-BF4B-00C04F79EFBC}") = "EMailEx", "..\EMailEx\EMailEx.csproj", "{39C413B7-9B53-420C-A879-E4A4A54F2068}"
EndProject
Project("{FAE04EC0-301F-11D3-BF4B-00C04F79EFBC}") = "MarketDataEx", "..\MarketDataEx\MarketDataEx.csproj", "{3B927E75-C8D6-4FA0-8F65-48DB2740BD88}"
EndProject
Project("{FAE04EC0-301F-11D3-BF4B-00C04F79EFBC}") = "CSVEx", "..\CSVEx\CSVEx.csproj", "{35C6744A-3DA9-4E4D-BDDB-C3A9E9474A86}"
EndProject
Project("{FAE04EC0-301F-11D3-BF4B-00C04F79EFBC}") = "DictionaryEx", "..\DictionaryEx\DictionaryEx.csproj", "{4075C74D-02B0-48F4-8488-1A6FA79D1DC7}"
EndProject
Project("{FAE04EC0-301F-11D3-BF4B-00C04F79EFBC}") = "SerializationEx", "..\SerializationEx\SerializationEx.csproj", "{BA0B3DF9-6888-42EA-98A7-2CBAB413CB10}"
EndProject
Project("{FAE04EC0-301F-11D3-BF4B-00C04F79EFBC}") = "ArrayEx", "..\ArrayEx\ArrayEx.csproj", "{DC5D6A82-6E1D-48CF-A572-AB84576B2704}"
EndProject
Project("{FAE04EC0-301F-11D3-BF4B-00C04F79EFBC}") = "SocketEx", "..\SocketEx\SocketEx.csproj", "{557D48C3-C9CB-4648-920F-5CF64B03CF30}"
EndProject
Project("{FAE04EC0-301F-11D3-BF4B-00C04F79EFBC}") = "DataGridViewEx", "..\DataGridViewEx\DataGridViewEx.csproj", "{B297081D-71ED-4309-9788-25CA8571F6FA}"
EndProject
Project("{FAE04EC0-301F-11D3-BF4B-00C04F79EFBC}") = "DataSetEx", "..\DataSetEx\DataSetEx.csproj", "{3164576E-2E01-4DD6-A9D6-F40605A3414E}"
EndProject
Project("{FAE04EC0-301F-11D3-BF4B-00C04F79EFBC}") = "BindingListEx", "..\BindingListEx\BindingListEx.csproj", "{AA07AF7A-5E66-4F14-85A4-06C13FDDD2E3}"
EndProject
Project("{FAE04EC0-301F-11D3-BF4B-00C04F79EFBC}") = "SRLabMDS", "SRLabMDS\SRLabMDS.csproj", "{67E42249-F8AD-43FE-A9ED-840C4FC97C59}"
EndProject
Global
	GlobalSection(SourceCodeControl) = preSolution
		SccNumberOfProjects = 16
		SccProjectName0 = \u0022$/OrderExecution/ADMINTOOLS/FrontEnd/ROC.300\u0022,\u0020EKUCAAAA
		SccLocalPath0 = ..
		SccProvider0 = MSSCCI:Microsoft\u0020Visual\u0020SourceSafe
		CanCheckoutShared = true
		SccProjectFilePathRelativizedFromConnection0 = SRLabMDS\\
		SccProjectUniqueName1 = ..\\DateTimeEx\\DateTimeEx.csproj
		SccLocalPath1 = ..
		CanCheckoutShared = true
		SccProjectFilePathRelativizedFromConnection1 = DateTimeEx\\
		SccProjectUniqueName2 = ..\\LoggerEx\\LoggerEx.csproj
		SccLocalPath2 = ..
		CanCheckoutShared = true
		SccProjectFilePathRelativizedFromConnection2 = LoggerEx\\
		SccProjectUniqueName3 = ..\\BenchMarkEx\\BenchMarkEx.csproj
		SccLocalPath3 = ..
		CanCheckoutShared = true
		SccProjectFilePathRelativizedFromConnection3 = BenchMarkEx\\
		SccProjectUniqueName4 = ..\\EMailEx\\EMailEx.csproj
		SccLocalPath4 = ..
		CanCheckoutShared = true
		SccProjectFilePathRelativizedFromConnection4 = EMailEx\\
		SccProjectUniqueName5 = ..\\MarketDataEx\\MarketDataEx.csproj
		SccLocalPath5 = ..
		CanCheckoutShared = true
		SccProjectFilePathRelativizedFromConnection5 = MarketDataEx\\
		SccProjectUniqueName6 = ..\\CSVEx\\CSVEx.csproj
		SccLocalPath6 = ..
		CanCheckoutShared = true
		SccProjectFilePathRelativizedFromConnection6 = CSVEx\\
		SccProjectUniqueName7 = ..\\DictionaryEx\\DictionaryEx.csproj
		SccLocalPath7 = ..
		CanCheckoutShared = true
		SccProjectFilePathRelativizedFromConnection7 = DictionaryEx\\
		SccProjectUniqueName8 = ..\\SerializationEx\\SerializationEx.csproj
		SccLocalPath8 = ..
		CanCheckoutShared = true
		SccProjectFilePathRelativizedFromConnection8 = SerializationEx\\
		SccProjectUniqueName9 = ..\\ArrayEx\\ArrayEx.csproj
		SccLocalPath9 = ..
		CanCheckoutShared = true
		SccProjectFilePathRelativizedFromConnection9 = ArrayEx\\
		SccProjectUniqueName10 = ..\\SocketEx\\SocketEx.csproj
		SccLocalPath10 = ..
		CanCheckoutShared = true
		SccProjectFilePathRelativizedFromConnection10 = SocketEx\\
		SccProjectUniqueName11 = ..\\DataGridViewEx\\DataGridViewEx.csproj
		SccLocalPath11 = ..
		CanCheckoutShared = true
		SccProjectFilePathRelativizedFromConnection11 = DataGridViewEx\\
		SccProjectUniqueName12 = ..\\DataSetEx\\DataSetEx.csproj
		SccLocalPath12 = ..
		CanCheckoutShared = true
		SccProjectFilePathRelativizedFromConnection12 = DataSetEx\\
		SccProjectUniqueName13 = ..\\BindingListEx\\BindingListEx.csproj
		SccLocalPath13 = ..
		CanCheckoutShared = true
		SccProjectFilePathRelativizedFromConnection13 = BindingListEx\\
		SccProjectUniqueName14 = ..\\SRLabEx\\SRLabEx.csproj
		SccLocalPath14 = ..
		CanCheckoutShared = true
		SccProjectFilePathRelativizedFromConnection14 = SRLabEx\\
		SccProjectUniqueName15 = SRLabMDS\\SRLabMDS.csproj
		SccLocalPath15 = ..
		CanCheckoutShared = true
		SccProjectFilePathRelativizedFromConnection15 = SRLabMDS\\SRLabMDS\\
	EndGlobalSection
	GlobalSection(SolutionConfigurationPlatforms) = preSolution
		Debug|Any CPU = Debug|Any CPU
		Debug|Mixed Platforms = Debug|Mixed Platforms
		Debug|Win32 = Debug|Win32
		Debug|x86 = Debug|x86
		Release|Any CPU = Release|Any CPU
		Release|Mixed Platforms = Release|Mixed Platforms
		Release|Win32 = Release|Win32
		Release|x86 = Release|x86
	EndGlobalSection
	GlobalSection(ProjectConfigurationPlatforms) = postSolution
		{BFB2E903-56C5-4F62-B40D-EA642CE51986}.Debug|Any CPU.ActiveCfg = Debug|Any CPU
		{BFB2E903-56C5-4F62-B40D-EA642CE51986}.Debug|Any CPU.Build.0 = Debug|Any CPU
		{BFB2E903-56C5-4F62-B40D-EA642CE51986}.Debug|Mixed Platforms.ActiveCfg = Debug|Any CPU
		{BFB2E903-56C5-4F62-B40D-EA642CE51986}.Debug|Mixed Platforms.Build.0 = Debug|Any CPU
		{BFB2E903-56C5-4F62-B40D-EA642CE51986}.Debug|Win32.ActiveCfg = Debug|Any CPU
		{BFB2E903-56C5-4F62-B40D-EA642CE51986}.Debug|x86.ActiveCfg = Debug|Any CPU
		{BFB2E903-56C5-4F62-B40D-EA642CE51986}.Release|Any CPU.ActiveCfg = Release|Any CPU
		{BFB2E903-56C5-4F62-B40D-EA642CE51986}.Release|Any CPU.Build.0 = Release|Any CPU
		{BFB2E903-56C5-4F62-B40D-EA642CE51986}.Release|Mixed Platforms.ActiveCfg = Release|Any CPU
		{BFB2E903-56C5-4F62-B40D-EA642CE51986}.Release|Mixed Platforms.Build.0 = Release|Any CPU
		{BFB2E903-56C5-4F62-B40D-EA642CE51986}.Release|Win32.ActiveCfg = Release|Any CPU
		{BFB2E903-56C5-4F62-B40D-EA642CE51986}.Release|x86.ActiveCfg = Release|Any CPU
		{68A29031-2B21-4D3F-9AEE-5F8226F60A44}.Debug|Any CPU.ActiveCfg = Debug|Any CPU
		{68A29031-2B21-4D3F-9AEE-5F8226F60A44}.Debug|Any CPU.Build.0 = Debug|Any CPU
		{68A29031-2B21-4D3F-9AEE-5F8226F60A44}.Debug|Mixed Platforms.ActiveCfg = Debug|Any CPU
		{68A29031-2B21-4D3F-9AEE-5F8226F60A44}.Debug|Mixed Platforms.Build.0 = Debug|Any CPU
		{68A29031-2B21-4D3F-9AEE-5F8226F60A44}.Debug|Win32.ActiveCfg = Debug|x86
		{68A29031-2B21-4D3F-9AEE-5F8226F60A44}.Debug|x86.ActiveCfg = Debug|x86
		{68A29031-2B21-4D3F-9AEE-5F8226F60A44}.Debug|x86.Build.0 = Debug|x86
		{68A29031-2B21-4D3F-9AEE-5F8226F60A44}.Release|Any CPU.ActiveCfg = Release|Any CPU
		{68A29031-2B21-4D3F-9AEE-5F8226F60A44}.Release|Any CPU.Build.0 = Release|Any CPU
		{68A29031-2B21-4D3F-9AEE-5F8226F60A44}.Release|Mixed Platforms.ActiveCfg = Release|Any CPU
		{68A29031-2B21-4D3F-9AEE-5F8226F60A44}.Release|Mixed Platforms.Build.0 = Release|Any CPU
		{68A29031-2B21-4D3F-9AEE-5F8226F60A44}.Release|Win32.ActiveCfg = Release|x86
		{68A29031-2B21-4D3F-9AEE-5F8226F60A44}.Release|x86.ActiveCfg = Release|x86
		{68A29031-2B21-4D3F-9AEE-5F8226F60A44}.Release|x86.Build.0 = Release|x86
		{650FA26A-3A41-449D-BBC0-877175514B35}.Debug|Any CPU.ActiveCfg = Debug|Any CPU
		{650FA26A-3A41-449D-BBC0-877175514B35}.Debug|Any CPU.Build.0 = Debug|Any CPU
		{650FA26A-3A41-449D-BBC0-877175514B35}.Debug|Mixed Platforms.ActiveCfg = Debug|Any CPU
		{650FA26A-3A41-449D-BBC0-877175514B35}.Debug|Mixed Platforms.Build.0 = Debug|Any CPU
		{650FA26A-3A41-449D-BBC0-877175514B35}.Debug|Win32.ActiveCfg = Debug|x86
		{650FA26A-3A41-449D-BBC0-877175514B35}.Debug|x86.ActiveCfg = Debug|x86
		{650FA26A-3A41-449D-BBC0-877175514B35}.Debug|x86.Build.0 = Debug|x86
		{650FA26A-3A41-449D-BBC0-877175514B35}.Release|Any CPU.ActiveCfg = Release|Any CPU
		{650FA26A-3A41-449D-BBC0-877175514B35}.Release|Any CPU.Build.0 = Release|Any CPU
		{650FA26A-3A41-449D-BBC0-877175514B35}.Release|Mixed Platforms.ActiveCfg = Release|Any CPU
		{650FA26A-3A41-449D-BBC0-877175514B35}.Release|Mixed Platforms.Build.0 = Release|Any CPU
		{650FA26A-3A41-449D-BBC0-877175514B35}.Release|Win32.ActiveCfg = Release|x86
		{650FA26A-3A41-449D-BBC0-877175514B35}.Release|x86.ActiveCfg = Release|x86
		{650FA26A-3A41-449D-BBC0-877175514B35}.Release|x86.Build.0 = Release|x86
		{9487B4C3-3188-4B84-AAEB-CE8321EEA38A}.Debug|Any CPU.ActiveCfg = Debug|Any CPU
		{9487B4C3-3188-4B84-AAEB-CE8321EEA38A}.Debug|Any CPU.Build.0 = Debug|Any CPU
		{9487B4C3-3188-4B84-AAEB-CE8321EEA38A}.Debug|Mixed Platforms.ActiveCfg = Debug|Any CPU
		{9487B4C3-3188-4B84-AAEB-CE8321EEA38A}.Debug|Mixed Platforms.Build.0 = Debug|Any CPU
		{9487B4C3-3188-4B84-AAEB-CE8321EEA38A}.Debug|Win32.ActiveCfg = Debug|x86
		{9487B4C3-3188-4B84-AAEB-CE8321EEA38A}.Debug|x86.ActiveCfg = Debug|x86
		{9487B4C3-3188-4B84-AAEB-CE8321EEA38A}.Debug|x86.Build.0 = Debug|x86
		{9487B4C3-3188-4B84-AAEB-CE8321EEA38A}.Release|Any CPU.ActiveCfg = Release|Any CPU
		{9487B4C3-3188-4B84-AAEB-CE8321EEA38A}.Release|Any CPU.Build.0 = Release|Any CPU
		{9487B4C3-3188-4B84-AAEB-CE8321EEA38A}.Release|Mixed Platforms.ActiveCfg = Release|Any CPU
		{9487B4C3-3188-4B84-AAEB-CE8321EEA38A}.Release|Mixed Platforms.Build.0 = Release|Any CPU
		{9487B4C3-3188-4B84-AAEB-CE8321EEA38A}.Release|Win32.ActiveCfg = Release|x86
		{9487B4C3-3188-4B84-AAEB-CE8321EEA38A}.Release|x86.ActiveCfg = Release|x86
		{9487B4C3-3188-4B84-AAEB-CE8321EEA38A}.Release|x86.Build.0 = Release|x86
		{39C413B7-9B53-420C-A879-E4A4A54F2068}.Debug|Any CPU.ActiveCfg = Debug|Any CPU
		{39C413B7-9B53-420C-A879-E4A4A54F2068}.Debug|Any CPU.Build.0 = Debug|Any CPU
		{39C413B7-9B53-420C-A879-E4A4A54F2068}.Debug|Mixed Platforms.ActiveCfg = Debug|Any CPU
		{39C413B7-9B53-420C-A879-E4A4A54F2068}.Debug|Mixed Platforms.Build.0 = Debug|Any CPU
		{39C413B7-9B53-420C-A879-E4A4A54F2068}.Debug|Win32.ActiveCfg = Debug|x86
		{39C413B7-9B53-420C-A879-E4A4A54F2068}.Debug|x86.ActiveCfg = Debug|x86
		{39C413B7-9B53-420C-A879-E4A4A54F2068}.Debug|x86.Build.0 = Debug|x86
		{39C413B7-9B53-420C-A879-E4A4A54F2068}.Release|Any CPU.ActiveCfg = Release|Any CPU
		{39C413B7-9B53-420C-A879-E4A4A54F2068}.Release|Any CPU.Build.0 = Release|Any CPU
		{39C413B7-9B53-420C-A879-E4A4A54F2068}.Release|Mixed Platforms.ActiveCfg = Release|Any CPU
		{39C413B7-9B53-420C-A879-E4A4A54F2068}.Release|Mixed Platforms.Build.0 = Release|Any CPU
		{39C413B7-9B53-420C-A879-E4A4A54F2068}.Release|Win32.ActiveCfg = Release|x86
		{39C413B7-9B53-420C-A879-E4A4A54F2068}.Release|x86.ActiveCfg = Release|x86
		{39C413B7-9B53-420C-A879-E4A4A54F2068}.Release|x86.Build.0 = Release|x86
		{3B927E75-C8D6-4FA0-8F65-48DB2740BD88}.Debug|Any CPU.ActiveCfg = Debug|Any CPU
		{3B927E75-C8D6-4FA0-8F65-48DB2740BD88}.Debug|Any CPU.Build.0 = Debug|Any CPU
		{3B927E75-C8D6-4FA0-8F65-48DB2740BD88}.Debug|Mixed Platforms.ActiveCfg = Debug|Any CPU
		{3B927E75-C8D6-4FA0-8F65-48DB2740BD88}.Debug|Mixed Platforms.Build.0 = Debug|Any CPU
		{3B927E75-C8D6-4FA0-8F65-48DB2740BD88}.Debug|Win32.ActiveCfg = Debug|x86
		{3B927E75-C8D6-4FA0-8F65-48DB2740BD88}.Debug|x86.ActiveCfg = Debug|x86
		{3B927E75-C8D6-4FA0-8F65-48DB2740BD88}.Debug|x86.Build.0 = Debug|x86
		{3B927E75-C8D6-4FA0-8F65-48DB2740BD88}.Release|Any CPU.ActiveCfg = Release|Any CPU
		{3B927E75-C8D6-4FA0-8F65-48DB2740BD88}.Release|Any CPU.Build.0 = Release|Any CPU
		{3B927E75-C8D6-4FA0-8F65-48DB2740BD88}.Release|Mixed Platforms.ActiveCfg = Release|Any CPU
		{3B927E75-C8D6-4FA0-8F65-48DB2740BD88}.Release|Mixed Platforms.Build.0 = Release|Any CPU
		{3B927E75-C8D6-4FA0-8F65-48DB2740BD88}.Release|Win32.ActiveCfg = Release|x86
		{3B927E75-C8D6-4FA0-8F65-48DB2740BD88}.Release|x86.ActiveCfg = Release|x86
		{3B927E75-C8D6-4FA0-8F65-48DB2740BD88}.Release|x86.Build.0 = Release|x86
		{35C6744A-3DA9-4E4D-BDDB-C3A9E9474A86}.Debug|Any CPU.ActiveCfg = Debug|Any CPU
		{35C6744A-3DA9-4E4D-BDDB-C3A9E9474A86}.Debug|Any CPU.Build.0 = Debug|Any CPU
		{35C6744A-3DA9-4E4D-BDDB-C3A9E9474A86}.Debug|Mixed Platforms.ActiveCfg = Debug|Any CPU
		{35C6744A-3DA9-4E4D-BDDB-C3A9E9474A86}.Debug|Mixed Platforms.Build.0 = Debug|Any CPU
		{35C6744A-3DA9-4E4D-BDDB-C3A9E9474A86}.Debug|Win32.ActiveCfg = Debug|Any CPU
		{35C6744A-3DA9-4E4D-BDDB-C3A9E9474A86}.Debug|x86.ActiveCfg = Debug|Any CPU
		{35C6744A-3DA9-4E4D-BDDB-C3A9E9474A86}.Release|Any CPU.ActiveCfg = Release|Any CPU
		{35C6744A-3DA9-4E4D-BDDB-C3A9E9474A86}.Release|Any CPU.Build.0 = Release|Any CPU
		{35C6744A-3DA9-4E4D-BDDB-C3A9E9474A86}.Release|Mixed Platforms.ActiveCfg = Release|Any CPU
		{35C6744A-3DA9-4E4D-BDDB-C3A9E9474A86}.Release|Mixed Platforms.Build.0 = Release|Any CPU
		{35C6744A-3DA9-4E4D-BDDB-C3A9E9474A86}.Release|Win32.ActiveCfg = Release|Any CPU
		{35C6744A-3DA9-4E4D-BDDB-C3A9E9474A86}.Release|x86.ActiveCfg = Release|Any CPU
		{4075C74D-02B0-48F4-8488-1A6FA79D1DC7}.Debug|Any CPU.ActiveCfg = Debug|Any CPU
		{4075C74D-02B0-48F4-8488-1A6FA79D1DC7}.Debug|Any CPU.Build.0 = Debug|Any CPU
		{4075C74D-02B0-48F4-8488-1A6FA79D1DC7}.Debug|Mixed Platforms.ActiveCfg = Debug|Any CPU
		{4075C74D-02B0-48F4-8488-1A6FA79D1DC7}.Debug|Mixed Platforms.Build.0 = Debug|Any CPU
		{4075C74D-02B0-48F4-8488-1A6FA79D1DC7}.Debug|Win32.ActiveCfg = Debug|Any CPU
		{4075C74D-02B0-48F4-8488-1A6FA79D1DC7}.Debug|x86.ActiveCfg = Debug|Any CPU
		{4075C74D-02B0-48F4-8488-1A6FA79D1DC7}.Release|Any CPU.ActiveCfg = Release|Any CPU
		{4075C74D-02B0-48F4-8488-1A6FA79D1DC7}.Release|Any CPU.Build.0 = Release|Any CPU
		{4075C74D-02B0-48F4-8488-1A6FA79D1DC7}.Release|Mixed Platforms.ActiveCfg = Release|Any CPU
		{4075C74D-02B0-48F4-8488-1A6FA79D1DC7}.Release|Mixed Platforms.Build.0 = Release|Any CPU
		{4075C74D-02B0-48F4-8488-1A6FA79D1DC7}.Release|Win32.ActiveCfg = Release|Any CPU
		{4075C74D-02B0-48F4-8488-1A6FA79D1DC7}.Release|x86.ActiveCfg = Release|Any CPU
		{BA0B3DF9-6888-42EA-98A7-2CBAB413CB10}.Debug|Any CPU.ActiveCfg = Debug|Any CPU
		{BA0B3DF9-6888-42EA-98A7-2CBAB413CB10}.Debug|Any CPU.Build.0 = Debug|Any CPU
		{BA0B3DF9-6888-42EA-98A7-2CBAB413CB10}.Debug|Mixed Platforms.ActiveCfg = Debug|Any CPU
		{BA0B3DF9-6888-42EA-98A7-2CBAB413CB10}.Debug|Mixed Platforms.Build.0 = Debug|Any CPU
		{BA0B3DF9-6888-42EA-98A7-2CBAB413CB10}.Debug|Win32.ActiveCfg = Debug|x86
		{BA0B3DF9-6888-42EA-98A7-2CBAB413CB10}.Debug|x86.ActiveCfg = Debug|x86
		{BA0B3DF9-6888-42EA-98A7-2CBAB413CB10}.Debug|x86.Build.0 = Debug|x86
		{BA0B3DF9-6888-42EA-98A7-2CBAB413CB10}.Release|Any CPU.ActiveCfg = Release|Any CPU
		{BA0B3DF9-6888-42EA-98A7-2CBAB413CB10}.Release|Any CPU.Build.0 = Release|Any CPU
		{BA0B3DF9-6888-42EA-98A7-2CBAB413CB10}.Release|Mixed Platforms.ActiveCfg = Release|Any CPU
		{BA0B3DF9-6888-42EA-98A7-2CBAB413CB10}.Release|Mixed Platforms.Build.0 = Release|Any CPU
		{BA0B3DF9-6888-42EA-98A7-2CBAB413CB10}.Release|Win32.ActiveCfg = Release|x86
		{BA0B3DF9-6888-42EA-98A7-2CBAB413CB10}.Release|x86.ActiveCfg = Release|x86
		{BA0B3DF9-6888-42EA-98A7-2CBAB413CB10}.Release|x86.Build.0 = Release|x86
		{DC5D6A82-6E1D-48CF-A572-AB84576B2704}.Debug|Any CPU.ActiveCfg = Debug|Any CPU
		{DC5D6A82-6E1D-48CF-A572-AB84576B2704}.Debug|Any CPU.Build.0 = Debug|Any CPU
		{DC5D6A82-6E1D-48CF-A572-AB84576B2704}.Debug|Mixed Platforms.ActiveCfg = Debug|Any CPU
		{DC5D6A82-6E1D-48CF-A572-AB84576B2704}.Debug|Mixed Platforms.Build.0 = Debug|Any CPU
		{DC5D6A82-6E1D-48CF-A572-AB84576B2704}.Debug|Win32.ActiveCfg = Debug|Any CPU
		{DC5D6A82-6E1D-48CF-A572-AB84576B2704}.Debug|x86.ActiveCfg = Debug|Any CPU
		{DC5D6A82-6E1D-48CF-A572-AB84576B2704}.Release|Any CPU.ActiveCfg = Release|Any CPU
		{DC5D6A82-6E1D-48CF-A572-AB84576B2704}.Release|Any CPU.Build.0 = Release|Any CPU
		{DC5D6A82-6E1D-48CF-A572-AB84576B2704}.Release|Mixed Platforms.ActiveCfg = Release|Any CPU
		{DC5D6A82-6E1D-48CF-A572-AB84576B2704}.Release|Mixed Platforms.Build.0 = Release|Any CPU
		{DC5D6A82-6E1D-48CF-A572-AB84576B2704}.Release|Win32.ActiveCfg = Release|Any CPU
		{DC5D6A82-6E1D-48CF-A572-AB84576B2704}.Release|x86.ActiveCfg = Release|Any CPU
		{557D48C3-C9CB-4648-920F-5CF64B03CF30}.Debug|Any CPU.ActiveCfg = Debug|Any CPU
		{557D48C3-C9CB-4648-920F-5CF64B03CF30}.Debug|Any CPU.Build.0 = Debug|Any CPU
		{557D48C3-C9CB-4648-920F-5CF64B03CF30}.Debug|Mixed Platforms.ActiveCfg = Debug|Any CPU
		{557D48C3-C9CB-4648-920F-5CF64B03CF30}.Debug|Mixed Platforms.Build.0 = Debug|Any CPU
		{557D48C3-C9CB-4648-920F-5CF64B03CF30}.Debug|Win32.ActiveCfg = Debug|x86
		{557D48C3-C9CB-4648-920F-5CF64B03CF30}.Debug|x86.ActiveCfg = Debug|x86
		{557D48C3-C9CB-4648-920F-5CF64B03CF30}.Debug|x86.Build.0 = Debug|x86
		{557D48C3-C9CB-4648-920F-5CF64B03CF30}.Release|Any CPU.ActiveCfg = Release|Any CPU
		{557D48C3-C9CB-4648-920F-5CF64B03CF30}.Release|Any CPU.Build.0 = Release|Any CPU
		{557D48C3-C9CB-4648-920F-5CF64B03CF30}.Release|Mixed Platforms.ActiveCfg = Release|Any CPU
		{557D48C3-C9CB-4648-920F-5CF64B03CF30}.Release|Mixed Platforms.Build.0 = Release|Any CPU
		{557D48C3-C9CB-4648-920F-5CF64B03CF30}.Release|Win32.ActiveCfg = Release|x86
		{557D48C3-C9CB-4648-920F-5CF64B03CF30}.Release|x86.ActiveCfg = Release|x86
		{557D48C3-C9CB-4648-920F-5CF64B03CF30}.Release|x86.Build.0 = Release|x86
		{B297081D-71ED-4309-9788-25CA8571F6FA}.Debug|Any CPU.ActiveCfg = Debug|Any CPU
		{B297081D-71ED-4309-9788-25CA8571F6FA}.Debug|Any CPU.Build.0 = Debug|Any CPU
		{B297081D-71ED-4309-9788-25CA8571F6FA}.Debug|Mixed Platforms.ActiveCfg = Debug|Any CPU
		{B297081D-71ED-4309-9788-25CA8571F6FA}.Debug|Mixed Platforms.Build.0 = Debug|Any CPU
		{B297081D-71ED-4309-9788-25CA8571F6FA}.Debug|Win32.ActiveCfg = Debug|x86
		{B297081D-71ED-4309-9788-25CA8571F6FA}.Debug|x86.ActiveCfg = Debug|x86
		{B297081D-71ED-4309-9788-25CA8571F6FA}.Debug|x86.Build.0 = Debug|x86
		{B297081D-71ED-4309-9788-25CA8571F6FA}.Release|Any CPU.ActiveCfg = Release|Any CPU
		{B297081D-71ED-4309-9788-25CA8571F6FA}.Release|Any CPU.Build.0 = Release|Any CPU
		{B297081D-71ED-4309-9788-25CA8571F6FA}.Release|Mixed Platforms.ActiveCfg = Release|Any CPU
		{B297081D-71ED-4309-9788-25CA8571F6FA}.Release|Mixed Platforms.Build.0 = Release|Any CPU
		{B297081D-71ED-4309-9788-25CA8571F6FA}.Release|Win32.ActiveCfg = Release|x86
		{B297081D-71ED-4309-9788-25CA8571F6FA}.Release|x86.ActiveCfg = Release|x86
		{B297081D-71ED-4309-9788-25CA8571F6FA}.Release|x86.Build.0 = Release|x86
		{3164576E-2E01-4DD6-A9D6-F40605A3414E}.Debug|Any CPU.ActiveCfg = Debug|Any CPU
		{3164576E-2E01-4DD6-A9D6-F40605A3414E}.Debug|Any CPU.Build.0 = Debug|Any CPU
		{3164576E-2E01-4DD6-A9D6-F40605A3414E}.Debug|Mixed Platforms.ActiveCfg = Debug|Any CPU
		{3164576E-2E01-4DD6-A9D6-F40605A3414E}.Debug|Mixed Platforms.Build.0 = Debug|Any CPU
		{3164576E-2E01-4DD6-A9D6-F40605A3414E}.Debug|Win32.ActiveCfg = Debug|Any CPU
		{3164576E-2E01-4DD6-A9D6-F40605A3414E}.Debug|x86.ActiveCfg = Debug|Any CPU
		{3164576E-2E01-4DD6-A9D6-F40605A3414E}.Release|Any CPU.ActiveCfg = Release|Any CPU
		{3164576E-2E01-4DD6-A9D6-F40605A3414E}.Release|Any CPU.Build.0 = Release|Any CPU
		{3164576E-2E01-4DD6-A9D6-F40605A3414E}.Release|Mixed Platforms.ActiveCfg = Release|Any CPU
		{3164576E-2E01-4DD6-A9D6-F40605A3414E}.Release|Mixed Platforms.Build.0 = Release|Any CPU
		{3164576E-2E01-4DD6-A9D6-F40605A3414E}.Release|Win32.ActiveCfg = Release|Any CPU
		{3164576E-2E01-4DD6-A9D6-F40605A3414E}.Release|x86.ActiveCfg = Release|Any CPU
		{AA07AF7A-5E66-4F14-85A4-06C13FDDD2E3}.Debug|Any CPU.ActiveCfg = Debug|Any CPU
		{AA07AF7A-5E66-4F14-85A4-06C13FDDD2E3}.Debug|Any CPU.Build.0 = Debug|Any CPU
		{AA07AF7A-5E66-4F14-85A4-06C13FDDD2E3}.Debug|Mixed Platforms.ActiveCfg = Debug|Any CPU
		{AA07AF7A-5E66-4F14-85A4-06C13FDDD2E3}.Debug|Mixed Platforms.Build.0 = Debug|Any CPU
		{AA07AF7A-5E66-4F14-85A4-06C13FDDD2E3}.Debug|Win32.ActiveCfg = Debug|Any CPU
		{AA07AF7A-5E66-4F14-85A4-06C13FDDD2E3}.Debug|x86.ActiveCfg = Debug|Any CPU
		{AA07AF7A-5E66-4F14-85A4-06C13FDDD2E3}.Release|Any CPU.ActiveCfg = Release|Any CPU
		{AA07AF7A-5E66-4F14-85A4-06C13FDDD2E3}.Release|Any CPU.Build.0 = Release|Any CPU
		{AA07AF7A-5E66-4F14-85A4-06C13FDDD2E3}.Release|Mixed Platforms.ActiveCfg = Release|Any CPU
		{AA07AF7A-5E66-4F14-85A4-06C13FDDD2E3}.Release|Mixed Platforms.Build.0 = Release|Any CPU
		{AA07AF7A-5E66-4F14-85A4-06C13FDDD2E3}.Release|Win32.ActiveCfg = Release|Any CPU
		{AA07AF7A-5E66-4F14-85A4-06C13FDDD2E3}.Release|x86.ActiveCfg = Release|Any CPU
		{67E42249-F8AD-43FE-A9ED-840C4FC97C59}.Debug|Any CPU.ActiveCfg = Debug|Any CPU
		{67E42249-F8AD-43FE-A9ED-840C4FC97C59}.Debug|Any CPU.Build.0 = Debug|Any CPU
		{67E42249-F8AD-43FE-A9ED-840C4FC97C59}.Debug|Mixed Platforms.ActiveCfg = Debug|Any CPU
		{67E42249-F8AD-43FE-A9ED-840C4FC97C59}.Debug|Mixed Platforms.Build.0 = Debug|Any CPU
		{67E42249-F8AD-43FE-A9ED-840C4FC97C59}.Debug|Win32.ActiveCfg = Debug|Any CPU
		{67E42249-F8AD-43FE-A9ED-840C4FC97C59}.Debug|x86.ActiveCfg = Debug|Any CPU
		{67E42249-F8AD-43FE-A9ED-840C4FC97C59}.Release|Any CPU.ActiveCfg = Release|Any CPU
		{67E42249-F8AD-43FE-A9ED-840C4FC97C59}.Release|Any CPU.Build.0 = Release|Any CPU
		{67E42249-F8AD-43FE-A9ED-840C4FC97C59}.Release|Mixed Platforms.ActiveCfg = Release|Any CPU
		{67E42249-F8AD-43FE-A9ED-840C4FC97C59}.Release|Mixed Platforms.Build.0 = Release|Any CPU
		{67E42249-F8AD-43FE-A9ED-840C4FC97C59}.Release|Win32.ActiveCfg = Release|Any CPU
		{67E42249-F8AD-43FE-A9ED-840C4FC97C59}.Release|x86.ActiveCfg = Release|Any CPU
	EndGlobalSection
	GlobalSection(SolutionProperties) = preSolution
		HideSolutionNode = FALSE
	EndGlobalSection
EndGlobal
