
Microsoft Visual Studio Solution File, Format Version 12.00
# Visual Studio Version 16
VisualStudioVersion = 16.0.30717.126
MinimumVisualStudioVersion = 10.0.40219.1
Project("{FAE04EC0-301F-11D3-BF4B-00C04F79EFBC}") = "ROC", "ROC\ROC.csproj", "{FBB205C2-1C84-4096-BC18-56DC1C1B13CA}"
EndProject
Project("{FAE04EC0-301F-11D3-BF4B-00C04F79EFBC}") = "MarketDataSubscribeEx", "..\MarketDataSubscribeEx\MarketDataSubscribeEx.csproj", "{08A86BAF-B509-4E83-92AD-DE8235A26A11}"
EndProject
Project("{FAE04EC0-301F-11D3-BF4B-00C04F79EFBC}") = "ButtonEx", "..\ButtonEx\ButtonEx.csproj", "{B6138DC7-206C-4F81-A9E9-516A49098B4B}"
EndProject
Project("{FAE04EC0-301F-11D3-BF4B-00C04F79EFBC}") = "ContextMenuEx", "..\ContextMenuEx\ContextMenuEx.csproj", "{5EF43825-3EFB-413F-90F2-73B6225CC3BB}"
EndProject
Project("{FAE04EC0-301F-11D3-BF4B-00C04F79EFBC}") = "ShapeEx", "..\ShapeEx\ShapeEx.csproj", "{5CE9ABE2-F3AB-42DC-B675-1A7DCD5A09B1}"
EndProject
Project("{FAE04EC0-301F-11D3-BF4B-00C04F79EFBC}") = "LabelEx", "..\LabelEx\LabelEx.csproj", "{C70BDE49-77A9-4263-819F-F50CC56F8E69}"
EndProject
Project("{FAE04EC0-301F-11D3-BF4B-00C04F79EFBC}") = "FormEx", "..\FormEx\FormEx.csproj", "{53AA1A0B-493E-4260-8B35-1A93661164EE}"
EndProject
Project("{FAE04EC0-301F-11D3-BF4B-00C04F79EFBC}") = "PanelEx", "..\PanelEx\PanelEx.csproj", "{861DE436-9F12-4E5D-B66C-01407F79037C}"
EndProject
Project("{FAE04EC0-301F-11D3-BF4B-00C04F79EFBC}") = "ROMEx", "..\ROMEx\ROMEx.csproj", "{F14F520E-D5ED-4608-A18D-B3F80CBE0A83}"
EndProject
Project("{FAE04EC0-301F-11D3-BF4B-00C04F79EFBC}") = "SocketEx", "..\SocketEx\SocketEx.csproj", "{557D48C3-C9CB-4648-920F-5CF64B03CF30}"
EndProject
Project("{FAE04EC0-301F-11D3-BF4B-00C04F79EFBC}") = "RDSEx", "..\RDSEx\RDSEx.csproj", "{F5018670-E454-4614-80E5-87E3AFA432E8}"
EndProject
Project("{FAE04EC0-301F-11D3-BF4B-00C04F79EFBC}") = "DataGridViewEx", "..\DataGridViewEx\DataGridViewEx.csproj", "{B297081D-71ED-4309-9788-25CA8571F6FA}"
EndProject
Project("{FAE04EC0-301F-11D3-BF4B-00C04F79EFBC}") = "DateTimeEx", "..\DateTimeEx\DateTimeEx.csproj", "{68A29031-2B21-4D3F-9AEE-5F8226F60A44}"
EndProject
Project("{FAE04EC0-301F-11D3-BF4B-00C04F79EFBC}") = "MarketData", "..\MarketDataEx\MarketData.csproj", "{3B927E75-C8D6-4FA0-8F65-48DB2740BD88}"
EndProject
Project("{FAE04EC0-301F-11D3-BF4B-00C04F79EFBC}") = "DictionaryEx", "..\DictionaryEx\DictionaryEx.csproj", "{4075C74D-02B0-48F4-8488-1A6FA79D1DC7}"
EndProject
Project("{FAE04EC0-301F-11D3-BF4B-00C04F79EFBC}") = "BenchMarkEx", "..\BenchMarkEx\BenchMarkEx.csproj", "{9487B4C3-3188-4B84-AAEB-CE8321EEA38A}"
EndProject
Project("{FAE04EC0-301F-11D3-BF4B-00C04F79EFBC}") = "BindingListEx", "..\BindingListEx\BindingListEx.csproj", "{AA07AF7A-5E66-4F14-85A4-06C13FDDD2E3}"
EndProject
Project("{FAE04EC0-301F-11D3-BF4B-00C04F79EFBC}") = "SerializationEx", "..\SerializationEx\SerializationEx.csproj", "{BA0B3DF9-6888-42EA-98A7-2CBAB413CB10}"
EndProject
Project("{FAE04EC0-301F-11D3-BF4B-00C04F79EFBC}") = "NumberEx", "..\NumberEx\NumberEx.csproj", "{DE92925F-4049-4581-B5A4-C44799CA61A3}"
EndProject
Project("{FAE04EC0-301F-11D3-BF4B-00C04F79EFBC}") = "CSVEx", "..\CSVEx\CSVEx.csproj", "{35C6744A-3DA9-4E4D-BDDB-C3A9E9474A86}"
EndProject
Project("{FAE04EC0-301F-11D3-BF4B-00C04F79EFBC}") = "ColorDialogEx", "..\ColorDialogEx\ColorDialogEx.csproj", "{BD417119-892E-4C9C-9BE4-4B49F8D9D118}"
EndProject
Project("{FAE04EC0-301F-11D3-BF4B-00C04F79EFBC}") = "FontDialogEx", "..\FontDialogEx\FontDialogEx.csproj", "{BED24738-154A-41CF-B20D-2A4E98FA9E33}"
EndProject
Project("{FAE04EC0-301F-11D3-BF4B-00C04F79EFBC}") = "ArrayEx", "..\ArrayEx\ArrayEx.csproj", "{DC5D6A82-6E1D-48CF-A572-AB84576B2704}"
EndProject
Project("{FAE04EC0-301F-11D3-BF4B-00C04F79EFBC}") = "DataSetEx", "..\DataSetEx\DataSetEx.csproj", "{3164576E-2E01-4DD6-A9D6-F40605A3414E}"
EndProject
Project("{FAE04EC0-301F-11D3-BF4B-00C04F79EFBC}") = "EMailEx", "..\EMailEx\EMailEx.csproj", "{39C413B7-9B53-420C-A879-E4A4A54F2068}"
EndProject
Project("{FAE04EC0-301F-11D3-BF4B-00C04F79EFBC}") = "PlotEx", "..\PlotEx\PlotEx.csproj", "{54476D56-8B3C-48E4-B9D6-FD575A4ABB75}"
EndProject
Project("{FAE04EC0-301F-11D3-BF4B-00C04F79EFBC}") = "ClockEx", "..\ClockEx\ClockEx.csproj", "{721B7D0B-975B-46D6-A1E7-5F1EC65B97E5}"
EndProject
Project("{FAE04EC0-301F-11D3-BF4B-00C04F79EFBC}") = "NumericUpDownEx", "..\NumericUpDownEx\NumericUpDownEx.csproj", "{45B2F930-B2C4-4301-9DE8-77F28903E8B5}"
EndProject
Project("{FAE04EC0-301F-11D3-BF4B-00C04F79EFBC}") = "Common", "..\Common\Common\Common.csproj", "{B04CD92B-EE29-45F3-99BC-575FDA6377F6}"
EndProject
Project("{FAE04EC0-301F-11D3-BF4B-00C04F79EFBC}") = "Log", "..\..\Log\Log.csproj", "{203BEFBD-1F40-421F-8934-8777479CE25B}"
EndProject
Project("{FAE04EC0-301F-11D3-BF4B-00C04F79EFBC}") = "MarketDataRonin", "..\..\MarketDataRonin\MarketDataRonin.csproj", "{654B55CF-D7AC-475C-A32D-3D58AF6BC70B}"
EndProject
Project("{FAE04EC0-301F-11D3-BF4B-00C04F79EFBC}") = "MarketDataStub", "MarketDataStub\MarketDataStub.csproj", "{02026968-830F-462F-9E12-EA50B350ABCC}"
EndProject
Global
	GlobalSection(SolutionConfigurationPlatforms) = preSolution
		Debug|Any CPU = Debug|Any CPU
		Debug|x86 = Debug|x86
		Release|Any CPU = Release|Any CPU
		Release|x86 = Release|x86
	EndGlobalSection
	GlobalSection(ProjectConfigurationPlatforms) = postSolution
		{FBB205C2-1C84-4096-BC18-56DC1C1B13CA}.Debug|Any CPU.ActiveCfg = Debug|Any CPU
		{FBB205C2-1C84-4096-BC18-56DC1C1B13CA}.Debug|Any CPU.Build.0 = Debug|Any CPU
		{FBB205C2-1C84-4096-BC18-56DC1C1B13CA}.Debug|x86.ActiveCfg = Debug|Any CPU
		{FBB205C2-1C84-4096-BC18-56DC1C1B13CA}.Debug|x86.Build.0 = Debug|Any CPU
		{FBB205C2-1C84-4096-BC18-56DC1C1B13CA}.Release|Any CPU.ActiveCfg = Release|Any CPU
		{FBB205C2-1C84-4096-BC18-56DC1C1B13CA}.Release|Any CPU.Build.0 = Release|Any CPU
		{FBB205C2-1C84-4096-BC18-56DC1C1B13CA}.Release|x86.ActiveCfg = Release|Any CPU
		{08A86BAF-B509-4E83-92AD-DE8235A26A11}.Debug|Any CPU.ActiveCfg = Debug|Any CPU
		{08A86BAF-B509-4E83-92AD-DE8235A26A11}.Debug|Any CPU.Build.0 = Debug|Any CPU
		{08A86BAF-B509-4E83-92AD-DE8235A26A11}.Debug|x86.ActiveCfg = Debug|Any CPU
		{08A86BAF-B509-4E83-92AD-DE8235A26A11}.Debug|x86.Build.0 = Debug|Any CPU
		{08A86BAF-B509-4E83-92AD-DE8235A26A11}.Release|Any CPU.ActiveCfg = Release|Any CPU
		{08A86BAF-B509-4E83-92AD-DE8235A26A11}.Release|Any CPU.Build.0 = Release|Any CPU
		{08A86BAF-B509-4E83-92AD-DE8235A26A11}.Release|x86.ActiveCfg = Release|Any CPU
		{B6138DC7-206C-4F81-A9E9-516A49098B4B}.Debug|Any CPU.ActiveCfg = Debug|Any CPU
		{B6138DC7-206C-4F81-A9E9-516A49098B4B}.Debug|Any CPU.Build.0 = Debug|Any CPU
		{B6138DC7-206C-4F81-A9E9-516A49098B4B}.Debug|x86.ActiveCfg = Debug|Any CPU
		{B6138DC7-206C-4F81-A9E9-516A49098B4B}.Debug|x86.Build.0 = Debug|Any CPU
		{B6138DC7-206C-4F81-A9E9-516A49098B4B}.Release|Any CPU.ActiveCfg = Release|Any CPU
		{B6138DC7-206C-4F81-A9E9-516A49098B4B}.Release|Any CPU.Build.0 = Release|Any CPU
		{B6138DC7-206C-4F81-A9E9-516A49098B4B}.Release|x86.ActiveCfg = Release|Any CPU
		{5EF43825-3EFB-413F-90F2-73B6225CC3BB}.Debug|Any CPU.ActiveCfg = Debug|Any CPU
		{5EF43825-3EFB-413F-90F2-73B6225CC3BB}.Debug|Any CPU.Build.0 = Debug|Any CPU
		{5EF43825-3EFB-413F-90F2-73B6225CC3BB}.Debug|x86.ActiveCfg = Debug|Any CPU
		{5EF43825-3EFB-413F-90F2-73B6225CC3BB}.Debug|x86.Build.0 = Debug|Any CPU
		{5EF43825-3EFB-413F-90F2-73B6225CC3BB}.Release|Any CPU.ActiveCfg = Release|Any CPU
		{5EF43825-3EFB-413F-90F2-73B6225CC3BB}.Release|Any CPU.Build.0 = Release|Any CPU
		{5EF43825-3EFB-413F-90F2-73B6225CC3BB}.Release|x86.ActiveCfg = Release|Any CPU
		{5CE9ABE2-F3AB-42DC-B675-1A7DCD5A09B1}.Debug|Any CPU.ActiveCfg = Debug|Any CPU
		{5CE9ABE2-F3AB-42DC-B675-1A7DCD5A09B1}.Debug|Any CPU.Build.0 = Debug|Any CPU
		{5CE9ABE2-F3AB-42DC-B675-1A7DCD5A09B1}.Debug|x86.ActiveCfg = Debug|Any CPU
		{5CE9ABE2-F3AB-42DC-B675-1A7DCD5A09B1}.Debug|x86.Build.0 = Debug|Any CPU
		{5CE9ABE2-F3AB-42DC-B675-1A7DCD5A09B1}.Release|Any CPU.ActiveCfg = Release|Any CPU
		{5CE9ABE2-F3AB-42DC-B675-1A7DCD5A09B1}.Release|Any CPU.Build.0 = Release|Any CPU
		{5CE9ABE2-F3AB-42DC-B675-1A7DCD5A09B1}.Release|x86.ActiveCfg = Release|Any CPU
		{C70BDE49-77A9-4263-819F-F50CC56F8E69}.Debug|Any CPU.ActiveCfg = Debug|Any CPU
		{C70BDE49-77A9-4263-819F-F50CC56F8E69}.Debug|Any CPU.Build.0 = Debug|Any CPU
		{C70BDE49-77A9-4263-819F-F50CC56F8E69}.Debug|x86.ActiveCfg = Debug|Any CPU
		{C70BDE49-77A9-4263-819F-F50CC56F8E69}.Debug|x86.Build.0 = Debug|Any CPU
		{C70BDE49-77A9-4263-819F-F50CC56F8E69}.Release|Any CPU.ActiveCfg = Release|Any CPU
		{C70BDE49-77A9-4263-819F-F50CC56F8E69}.Release|Any CPU.Build.0 = Release|Any CPU
		{C70BDE49-77A9-4263-819F-F50CC56F8E69}.Release|x86.ActiveCfg = Release|Any CPU
		{53AA1A0B-493E-4260-8B35-1A93661164EE}.Debug|Any CPU.ActiveCfg = Debug|Any CPU
		{53AA1A0B-493E-4260-8B35-1A93661164EE}.Debug|Any CPU.Build.0 = Debug|Any CPU
		{53AA1A0B-493E-4260-8B35-1A93661164EE}.Debug|x86.ActiveCfg = Debug|Any CPU
		{53AA1A0B-493E-4260-8B35-1A93661164EE}.Debug|x86.Build.0 = Debug|Any CPU
		{53AA1A0B-493E-4260-8B35-1A93661164EE}.Release|Any CPU.ActiveCfg = Release|Any CPU
		{53AA1A0B-493E-4260-8B35-1A93661164EE}.Release|Any CPU.Build.0 = Release|Any CPU
		{53AA1A0B-493E-4260-8B35-1A93661164EE}.Release|x86.ActiveCfg = Release|Any CPU
		{861DE436-9F12-4E5D-B66C-01407F79037C}.Debug|Any CPU.ActiveCfg = Debug|Any CPU
		{861DE436-9F12-4E5D-B66C-01407F79037C}.Debug|Any CPU.Build.0 = Debug|Any CPU
		{861DE436-9F12-4E5D-B66C-01407F79037C}.Debug|x86.ActiveCfg = Debug|Any CPU
		{861DE436-9F12-4E5D-B66C-01407F79037C}.Debug|x86.Build.0 = Debug|Any CPU
		{861DE436-9F12-4E5D-B66C-01407F79037C}.Release|Any CPU.ActiveCfg = Release|Any CPU
		{861DE436-9F12-4E5D-B66C-01407F79037C}.Release|Any CPU.Build.0 = Release|Any CPU
		{861DE436-9F12-4E5D-B66C-01407F79037C}.Release|x86.ActiveCfg = Release|Any CPU
		{F14F520E-D5ED-4608-A18D-B3F80CBE0A83}.Debug|Any CPU.ActiveCfg = Debug|Any CPU
		{F14F520E-D5ED-4608-A18D-B3F80CBE0A83}.Debug|Any CPU.Build.0 = Debug|Any CPU
		{F14F520E-D5ED-4608-A18D-B3F80CBE0A83}.Debug|x86.ActiveCfg = Debug|Any CPU
		{F14F520E-D5ED-4608-A18D-B3F80CBE0A83}.Debug|x86.Build.0 = Debug|Any CPU
		{F14F520E-D5ED-4608-A18D-B3F80CBE0A83}.Release|Any CPU.ActiveCfg = Release|Any CPU
		{F14F520E-D5ED-4608-A18D-B3F80CBE0A83}.Release|Any CPU.Build.0 = Release|Any CPU
		{F14F520E-D5ED-4608-A18D-B3F80CBE0A83}.Release|x86.ActiveCfg = Release|Any CPU
		{557D48C3-C9CB-4648-920F-5CF64B03CF30}.Debug|Any CPU.ActiveCfg = Debug|Any CPU
		{557D48C3-C9CB-4648-920F-5CF64B03CF30}.Debug|Any CPU.Build.0 = Debug|Any CPU
		{557D48C3-C9CB-4648-920F-5CF64B03CF30}.Debug|x86.ActiveCfg = Debug|x86
		{557D48C3-C9CB-4648-920F-5CF64B03CF30}.Debug|x86.Build.0 = Debug|x86
		{557D48C3-C9CB-4648-920F-5CF64B03CF30}.Release|Any CPU.ActiveCfg = Release|Any CPU
		{557D48C3-C9CB-4648-920F-5CF64B03CF30}.Release|Any CPU.Build.0 = Release|Any CPU
		{557D48C3-C9CB-4648-920F-5CF64B03CF30}.Release|x86.ActiveCfg = Release|x86
		{557D48C3-C9CB-4648-920F-5CF64B03CF30}.Release|x86.Build.0 = Release|x86
		{F5018670-E454-4614-80E5-87E3AFA432E8}.Debug|Any CPU.ActiveCfg = Debug|Any CPU
		{F5018670-E454-4614-80E5-87E3AFA432E8}.Debug|Any CPU.Build.0 = Debug|Any CPU
		{F5018670-E454-4614-80E5-87E3AFA432E8}.Debug|x86.ActiveCfg = Debug|Any CPU
		{F5018670-E454-4614-80E5-87E3AFA432E8}.Debug|x86.Build.0 = Debug|Any CPU
		{F5018670-E454-4614-80E5-87E3AFA432E8}.Release|Any CPU.ActiveCfg = Release|Any CPU
		{F5018670-E454-4614-80E5-87E3AFA432E8}.Release|Any CPU.Build.0 = Release|Any CPU
		{F5018670-E454-4614-80E5-87E3AFA432E8}.Release|x86.ActiveCfg = Release|Any CPU
		{B297081D-71ED-4309-9788-25CA8571F6FA}.Debug|Any CPU.ActiveCfg = Debug|Any CPU
		{B297081D-71ED-4309-9788-25CA8571F6FA}.Debug|Any CPU.Build.0 = Debug|Any CPU
		{B297081D-71ED-4309-9788-25CA8571F6FA}.Debug|x86.ActiveCfg = Debug|x86
		{B297081D-71ED-4309-9788-25CA8571F6FA}.Debug|x86.Build.0 = Debug|x86
		{B297081D-71ED-4309-9788-25CA8571F6FA}.Release|Any CPU.ActiveCfg = Release|Any CPU
		{B297081D-71ED-4309-9788-25CA8571F6FA}.Release|Any CPU.Build.0 = Release|Any CPU
		{B297081D-71ED-4309-9788-25CA8571F6FA}.Release|x86.ActiveCfg = Release|x86
		{B297081D-71ED-4309-9788-25CA8571F6FA}.Release|x86.Build.0 = Release|x86
		{68A29031-2B21-4D3F-9AEE-5F8226F60A44}.Debug|Any CPU.ActiveCfg = Debug|Any CPU
		{68A29031-2B21-4D3F-9AEE-5F8226F60A44}.Debug|Any CPU.Build.0 = Debug|Any CPU
		{68A29031-2B21-4D3F-9AEE-5F8226F60A44}.Debug|x86.ActiveCfg = Debug|x86
		{68A29031-2B21-4D3F-9AEE-5F8226F60A44}.Debug|x86.Build.0 = Debug|x86
		{68A29031-2B21-4D3F-9AEE-5F8226F60A44}.Release|Any CPU.ActiveCfg = Release|Any CPU
		{68A29031-2B21-4D3F-9AEE-5F8226F60A44}.Release|Any CPU.Build.0 = Release|Any CPU
		{68A29031-2B21-4D3F-9AEE-5F8226F60A44}.Release|x86.ActiveCfg = Release|x86
		{68A29031-2B21-4D3F-9AEE-5F8226F60A44}.Release|x86.Build.0 = Release|x86
		{3B927E75-C8D6-4FA0-8F65-48DB2740BD88}.Debug|Any CPU.ActiveCfg = Debug|Any CPU
		{3B927E75-C8D6-4FA0-8F65-48DB2740BD88}.Debug|Any CPU.Build.0 = Debug|Any CPU
		{3B927E75-C8D6-4FA0-8F65-48DB2740BD88}.Debug|x86.ActiveCfg = Debug|x86
		{3B927E75-C8D6-4FA0-8F65-48DB2740BD88}.Debug|x86.Build.0 = Debug|x86
		{3B927E75-C8D6-4FA0-8F65-48DB2740BD88}.Release|Any CPU.ActiveCfg = Release|Any CPU
		{3B927E75-C8D6-4FA0-8F65-48DB2740BD88}.Release|Any CPU.Build.0 = Release|Any CPU
		{3B927E75-C8D6-4FA0-8F65-48DB2740BD88}.Release|x86.ActiveCfg = Release|x86
		{3B927E75-C8D6-4FA0-8F65-48DB2740BD88}.Release|x86.Build.0 = Release|x86
		{4075C74D-02B0-48F4-8488-1A6FA79D1DC7}.Debug|Any CPU.ActiveCfg = Debug|Any CPU
		{4075C74D-02B0-48F4-8488-1A6FA79D1DC7}.Debug|Any CPU.Build.0 = Debug|Any CPU
		{4075C74D-02B0-48F4-8488-1A6FA79D1DC7}.Debug|x86.ActiveCfg = Debug|Any CPU
		{4075C74D-02B0-48F4-8488-1A6FA79D1DC7}.Release|Any CPU.ActiveCfg = Release|Any CPU
		{4075C74D-02B0-48F4-8488-1A6FA79D1DC7}.Release|Any CPU.Build.0 = Release|Any CPU
		{4075C74D-02B0-48F4-8488-1A6FA79D1DC7}.Release|x86.ActiveCfg = Release|Any CPU
		{9487B4C3-3188-4B84-AAEB-CE8321EEA38A}.Debug|Any CPU.ActiveCfg = Debug|Any CPU
		{9487B4C3-3188-4B84-AAEB-CE8321EEA38A}.Debug|Any CPU.Build.0 = Debug|Any CPU
		{9487B4C3-3188-4B84-AAEB-CE8321EEA38A}.Debug|x86.ActiveCfg = Debug|x86
		{9487B4C3-3188-4B84-AAEB-CE8321EEA38A}.Debug|x86.Build.0 = Debug|x86
		{9487B4C3-3188-4B84-AAEB-CE8321EEA38A}.Release|Any CPU.ActiveCfg = Release|Any CPU
		{9487B4C3-3188-4B84-AAEB-CE8321EEA38A}.Release|Any CPU.Build.0 = Release|Any CPU
		{9487B4C3-3188-4B84-AAEB-CE8321EEA38A}.Release|x86.ActiveCfg = Release|x86
		{9487B4C3-3188-4B84-AAEB-CE8321EEA38A}.Release|x86.Build.0 = Release|x86
		{AA07AF7A-5E66-4F14-85A4-06C13FDDD2E3}.Debug|Any CPU.ActiveCfg = Debug|Any CPU
		{AA07AF7A-5E66-4F14-85A4-06C13FDDD2E3}.Debug|Any CPU.Build.0 = Debug|Any CPU
		{AA07AF7A-5E66-4F14-85A4-06C13FDDD2E3}.Debug|x86.ActiveCfg = Debug|Any CPU
		{AA07AF7A-5E66-4F14-85A4-06C13FDDD2E3}.Release|Any CPU.ActiveCfg = Release|Any CPU
		{AA07AF7A-5E66-4F14-85A4-06C13FDDD2E3}.Release|Any CPU.Build.0 = Release|Any CPU
		{AA07AF7A-5E66-4F14-85A4-06C13FDDD2E3}.Release|x86.ActiveCfg = Release|Any CPU
		{BA0B3DF9-6888-42EA-98A7-2CBAB413CB10}.Debug|Any CPU.ActiveCfg = Debug|Any CPU
		{BA0B3DF9-6888-42EA-98A7-2CBAB413CB10}.Debug|Any CPU.Build.0 = Debug|Any CPU
		{BA0B3DF9-6888-42EA-98A7-2CBAB413CB10}.Debug|x86.ActiveCfg = Debug|x86
		{BA0B3DF9-6888-42EA-98A7-2CBAB413CB10}.Debug|x86.Build.0 = Debug|x86
		{BA0B3DF9-6888-42EA-98A7-2CBAB413CB10}.Release|Any CPU.ActiveCfg = Release|Any CPU
		{BA0B3DF9-6888-42EA-98A7-2CBAB413CB10}.Release|Any CPU.Build.0 = Release|Any CPU
		{BA0B3DF9-6888-42EA-98A7-2CBAB413CB10}.Release|x86.ActiveCfg = Release|x86
		{BA0B3DF9-6888-42EA-98A7-2CBAB413CB10}.Release|x86.Build.0 = Release|x86
		{DE92925F-4049-4581-B5A4-C44799CA61A3}.Debug|Any CPU.ActiveCfg = Debug|Any CPU
		{DE92925F-4049-4581-B5A4-C44799CA61A3}.Debug|Any CPU.Build.0 = Debug|Any CPU
		{DE92925F-4049-4581-B5A4-C44799CA61A3}.Debug|x86.ActiveCfg = Debug|Any CPU
		{DE92925F-4049-4581-B5A4-C44799CA61A3}.Release|Any CPU.ActiveCfg = Release|Any CPU
		{DE92925F-4049-4581-B5A4-C44799CA61A3}.Release|Any CPU.Build.0 = Release|Any CPU
		{DE92925F-4049-4581-B5A4-C44799CA61A3}.Release|x86.ActiveCfg = Release|Any CPU
		{35C6744A-3DA9-4E4D-BDDB-C3A9E9474A86}.Debug|Any CPU.ActiveCfg = Debug|Any CPU
		{35C6744A-3DA9-4E4D-BDDB-C3A9E9474A86}.Debug|Any CPU.Build.0 = Debug|Any CPU
		{35C6744A-3DA9-4E4D-BDDB-C3A9E9474A86}.Debug|x86.ActiveCfg = Debug|Any CPU
		{35C6744A-3DA9-4E4D-BDDB-C3A9E9474A86}.Release|Any CPU.ActiveCfg = Release|Any CPU
		{35C6744A-3DA9-4E4D-BDDB-C3A9E9474A86}.Release|Any CPU.Build.0 = Release|Any CPU
		{35C6744A-3DA9-4E4D-BDDB-C3A9E9474A86}.Release|x86.ActiveCfg = Release|Any CPU
		{BD417119-892E-4C9C-9BE4-4B49F8D9D118}.Debug|Any CPU.ActiveCfg = Debug|Any CPU
		{BD417119-892E-4C9C-9BE4-4B49F8D9D118}.Debug|Any CPU.Build.0 = Debug|Any CPU
		{BD417119-892E-4C9C-9BE4-4B49F8D9D118}.Debug|x86.ActiveCfg = Debug|Any CPU
		{BD417119-892E-4C9C-9BE4-4B49F8D9D118}.Release|Any CPU.ActiveCfg = Release|Any CPU
		{BD417119-892E-4C9C-9BE4-4B49F8D9D118}.Release|Any CPU.Build.0 = Release|Any CPU
		{BD417119-892E-4C9C-9BE4-4B49F8D9D118}.Release|x86.ActiveCfg = Release|Any CPU
		{BED24738-154A-41CF-B20D-2A4E98FA9E33}.Debug|Any CPU.ActiveCfg = Debug|Any CPU
		{BED24738-154A-41CF-B20D-2A4E98FA9E33}.Debug|Any CPU.Build.0 = Debug|Any CPU
		{BED24738-154A-41CF-B20D-2A4E98FA9E33}.Debug|x86.ActiveCfg = Debug|Any CPU
		{BED24738-154A-41CF-B20D-2A4E98FA9E33}.Release|Any CPU.ActiveCfg = Release|Any CPU
		{BED24738-154A-41CF-B20D-2A4E98FA9E33}.Release|Any CPU.Build.0 = Release|Any CPU
		{BED24738-154A-41CF-B20D-2A4E98FA9E33}.Release|x86.ActiveCfg = Release|Any CPU
		{DC5D6A82-6E1D-48CF-A572-AB84576B2704}.Debug|Any CPU.ActiveCfg = Debug|Any CPU
		{DC5D6A82-6E1D-48CF-A572-AB84576B2704}.Debug|Any CPU.Build.0 = Debug|Any CPU
		{DC5D6A82-6E1D-48CF-A572-AB84576B2704}.Debug|x86.ActiveCfg = Debug|Any CPU
		{DC5D6A82-6E1D-48CF-A572-AB84576B2704}.Release|Any CPU.ActiveCfg = Release|Any CPU
		{DC5D6A82-6E1D-48CF-A572-AB84576B2704}.Release|Any CPU.Build.0 = Release|Any CPU
		{DC5D6A82-6E1D-48CF-A572-AB84576B2704}.Release|x86.ActiveCfg = Release|Any CPU
		{3164576E-2E01-4DD6-A9D6-F40605A3414E}.Debug|Any CPU.ActiveCfg = Debug|Any CPU
		{3164576E-2E01-4DD6-A9D6-F40605A3414E}.Debug|Any CPU.Build.0 = Debug|Any CPU
		{3164576E-2E01-4DD6-A9D6-F40605A3414E}.Debug|x86.ActiveCfg = Debug|Any CPU
		{3164576E-2E01-4DD6-A9D6-F40605A3414E}.Release|Any CPU.ActiveCfg = Release|Any CPU
		{3164576E-2E01-4DD6-A9D6-F40605A3414E}.Release|Any CPU.Build.0 = Release|Any CPU
		{3164576E-2E01-4DD6-A9D6-F40605A3414E}.Release|x86.ActiveCfg = Release|Any CPU
		{39C413B7-9B53-420C-A879-E4A4A54F2068}.Debug|Any CPU.ActiveCfg = Debug|Any CPU
		{39C413B7-9B53-420C-A879-E4A4A54F2068}.Debug|Any CPU.Build.0 = Debug|Any CPU
		{39C413B7-9B53-420C-A879-E4A4A54F2068}.Debug|x86.ActiveCfg = Debug|x86
		{39C413B7-9B53-420C-A879-E4A4A54F2068}.Debug|x86.Build.0 = Debug|x86
		{39C413B7-9B53-420C-A879-E4A4A54F2068}.Release|Any CPU.ActiveCfg = Release|Any CPU
		{39C413B7-9B53-420C-A879-E4A4A54F2068}.Release|Any CPU.Build.0 = Release|Any CPU
		{39C413B7-9B53-420C-A879-E4A4A54F2068}.Release|x86.ActiveCfg = Release|x86
		{39C413B7-9B53-420C-A879-E4A4A54F2068}.Release|x86.Build.0 = Release|x86
		{54476D56-8B3C-48E4-B9D6-FD575A4ABB75}.Debug|Any CPU.ActiveCfg = Debug|Any CPU
		{54476D56-8B3C-48E4-B9D6-FD575A4ABB75}.Debug|Any CPU.Build.0 = Debug|Any CPU
		{54476D56-8B3C-48E4-B9D6-FD575A4ABB75}.Debug|x86.ActiveCfg = Debug|Any CPU
		{54476D56-8B3C-48E4-B9D6-FD575A4ABB75}.Release|Any CPU.ActiveCfg = Release|Any CPU
		{54476D56-8B3C-48E4-B9D6-FD575A4ABB75}.Release|Any CPU.Build.0 = Release|Any CPU
		{54476D56-8B3C-48E4-B9D6-FD575A4ABB75}.Release|x86.ActiveCfg = Release|Any CPU
		{721B7D0B-975B-46D6-A1E7-5F1EC65B97E5}.Debug|Any CPU.ActiveCfg = Debug|Any CPU
		{721B7D0B-975B-46D6-A1E7-5F1EC65B97E5}.Debug|Any CPU.Build.0 = Debug|Any CPU
		{721B7D0B-975B-46D6-A1E7-5F1EC65B97E5}.Debug|x86.ActiveCfg = Debug|Any CPU
		{721B7D0B-975B-46D6-A1E7-5F1EC65B97E5}.Release|Any CPU.ActiveCfg = Release|Any CPU
		{721B7D0B-975B-46D6-A1E7-5F1EC65B97E5}.Release|Any CPU.Build.0 = Release|Any CPU
		{721B7D0B-975B-46D6-A1E7-5F1EC65B97E5}.Release|x86.ActiveCfg = Release|Any CPU
		{45B2F930-B2C4-4301-9DE8-77F28903E8B5}.Debug|Any CPU.ActiveCfg = Debug|Any CPU
		{45B2F930-B2C4-4301-9DE8-77F28903E8B5}.Debug|Any CPU.Build.0 = Debug|Any CPU
		{45B2F930-B2C4-4301-9DE8-77F28903E8B5}.Debug|x86.ActiveCfg = Debug|Any CPU
		{45B2F930-B2C4-4301-9DE8-77F28903E8B5}.Release|Any CPU.ActiveCfg = Release|Any CPU
		{45B2F930-B2C4-4301-9DE8-77F28903E8B5}.Release|Any CPU.Build.0 = Release|Any CPU
		{45B2F930-B2C4-4301-9DE8-77F28903E8B5}.Release|x86.ActiveCfg = Release|Any CPU
		{B04CD92B-EE29-45F3-99BC-575FDA6377F6}.Debug|Any CPU.ActiveCfg = Debug|Any CPU
		{B04CD92B-EE29-45F3-99BC-575FDA6377F6}.Debug|Any CPU.Build.0 = Debug|Any CPU
		{B04CD92B-EE29-45F3-99BC-575FDA6377F6}.Debug|x86.ActiveCfg = Debug|Any CPU
		{B04CD92B-EE29-45F3-99BC-575FDA6377F6}.Debug|x86.Build.0 = Debug|Any CPU
		{B04CD92B-EE29-45F3-99BC-575FDA6377F6}.Release|Any CPU.ActiveCfg = Release|Any CPU
		{B04CD92B-EE29-45F3-99BC-575FDA6377F6}.Release|Any CPU.Build.0 = Release|Any CPU
		{B04CD92B-EE29-45F3-99BC-575FDA6377F6}.Release|x86.ActiveCfg = Release|Any CPU
		{B04CD92B-EE29-45F3-99BC-575FDA6377F6}.Release|x86.Build.0 = Release|Any CPU
		{203BEFBD-1F40-421F-8934-8777479CE25B}.Debug|Any CPU.ActiveCfg = Debug|Any CPU
		{203BEFBD-1F40-421F-8934-8777479CE25B}.Debug|Any CPU.Build.0 = Debug|Any CPU
		{203BEFBD-1F40-421F-8934-8777479CE25B}.Debug|x86.ActiveCfg = Debug|Any CPU
		{203BEFBD-1F40-421F-8934-8777479CE25B}.Debug|x86.Build.0 = Debug|Any CPU
		{203BEFBD-1F40-421F-8934-8777479CE25B}.Release|Any CPU.ActiveCfg = Release|Any CPU
		{203BEFBD-1F40-421F-8934-8777479CE25B}.Release|Any CPU.Build.0 = Release|Any CPU
		{203BEFBD-1F40-421F-8934-8777479CE25B}.Release|x86.ActiveCfg = Release|Any CPU
		{203BEFBD-1F40-421F-8934-8777479CE25B}.Release|x86.Build.0 = Release|Any CPU
		{654B55CF-D7AC-475C-A32D-3D58AF6BC70B}.Debug|Any CPU.ActiveCfg = Debug|Any CPU
		{654B55CF-D7AC-475C-A32D-3D58AF6BC70B}.Debug|Any CPU.Build.0 = Debug|Any CPU
		{654B55CF-D7AC-475C-A32D-3D58AF6BC70B}.Debug|x86.ActiveCfg = Debug|Any CPU
		{654B55CF-D7AC-475C-A32D-3D58AF6BC70B}.Debug|x86.Build.0 = Debug|Any CPU
		{654B55CF-D7AC-475C-A32D-3D58AF6BC70B}.Release|Any CPU.ActiveCfg = Release|Any CPU
		{654B55CF-D7AC-475C-A32D-3D58AF6BC70B}.Release|Any CPU.Build.0 = Release|Any CPU
		{654B55CF-D7AC-475C-A32D-3D58AF6BC70B}.Release|x86.ActiveCfg = Release|Any CPU
		{654B55CF-D7AC-475C-A32D-3D58AF6BC70B}.Release|x86.Build.0 = Release|Any CPU
		{02026968-830F-462F-9E12-EA50B350ABCC}.Debug|Any CPU.ActiveCfg = Debug|Any CPU
		{02026968-830F-462F-9E12-EA50B350ABCC}.Debug|Any CPU.Build.0 = Debug|Any CPU
		{02026968-830F-462F-9E12-EA50B350ABCC}.Debug|x86.ActiveCfg = Debug|Any CPU
		{02026968-830F-462F-9E12-EA50B350ABCC}.Debug|x86.Build.0 = Debug|Any CPU
		{02026968-830F-462F-9E12-EA50B350ABCC}.Release|Any CPU.ActiveCfg = Release|Any CPU
		{02026968-830F-462F-9E12-EA50B350ABCC}.Release|Any CPU.Build.0 = Release|Any CPU
		{02026968-830F-462F-9E12-EA50B350ABCC}.Release|x86.ActiveCfg = Release|Any CPU
		{02026968-830F-462F-9E12-EA50B350ABCC}.Release|x86.Build.0 = Release|Any CPU
	EndGlobalSection
	GlobalSection(SolutionProperties) = preSolution
		HideSolutionNode = FALSE
	EndGlobalSection
	GlobalSection(ExtensibilityGlobals) = postSolution
		SolutionGuid = {6D73A4DA-E648-4C2A-A7A7-9A508209D41A}
	EndGlobalSection
EndGlobal
