
Microsoft Visual Studio Solution File, Format Version 9.00
# Visual Studio 2005
Project("{FAE04EC0-301F-11D3-BF4B-00C04F79EFBC}") = "APISRLabMDS", "APISRLabMDS\APISRLabMDS.csproj", "{581D858B-C494-4ACC-9002-69439816B8ED}"
EndProject
Project("{8BC9CEB8-8B4A-11D0-8D11-00A0C91BC942}") = "APISRLab", "..\APISRLab\APISRLab\APISRLab.vcproj", "{13DCD831-34A9-4618-9536-9C556BB05F6C}"
EndProject
Project("{FAE04EC0-301F-11D3-BF4B-00C04F79EFBC}") = "APISRLabEx", "..\APISRLabEx\APISRLabEx.csproj", "{05DEC0AE-F3E1-45C4-918A-BCC78BF6B449}"
EndProject
Project("{FAE04EC0-301F-11D3-BF4B-00C04F79EFBC}") = "MarketDataEx", "..\MarketDataEx\MarketDataEx.csproj", "{3B927E75-C8D6-4FA0-8F65-48DB2740BD88}"
EndProject
Project("{FAE04EC0-301F-11D3-BF4B-00C04F79EFBC}") = "CSVEx", "..\CSVEx\CSVEx.csproj", "{35C6744A-3DA9-4E4D-BDDB-C3A9E9474A86}"
EndProject
Project("{FAE04EC0-301F-11D3-BF4B-00C04F79EFBC}") = "SerializationEx", "..\SerializationEx\SerializationEx.csproj", "{BA0B3DF9-6888-42EA-98A7-2CBAB413CB10}"
EndProject
Project("{FAE04EC0-301F-11D3-BF4B-00C04F79EFBC}") = "DictionaryEx", "..\DictionaryEx\DictionaryEx.csproj", "{4075C74D-02B0-48F4-8488-1A6FA79D1DC7}"
EndProject
Project("{FAE04EC0-301F-11D3-BF4B-00C04F79EFBC}") = "ArrayEx", "..\ArrayEx\ArrayEx.csproj", "{DC5D6A82-6E1D-48CF-A572-AB84576B2704}"
EndProject
Project("{FAE04EC0-301F-11D3-BF4B-00C04F79EFBC}") = "DateTimeEx", "..\DateTimeEx\DateTimeEx.csproj", "{68A29031-2B21-4D3F-9AEE-5F8226F60A44}"
EndProject
Project("{FAE04EC0-301F-11D3-BF4B-00C04F79EFBC}") = "LoggerEx", "..\LoggerEx\LoggerEx.csproj", "{650FA26A-3A41-449D-BBC0-877175514B35}"
EndProject
Project("{FAE04EC0-301F-11D3-BF4B-00C04F79EFBC}") = "BenchMarkEx", "..\BenchMarkEx\BenchMarkEx.csproj", "{9487B4C3-3188-4B84-AAEB-CE8321EEA38A}"
EndProject
Project("{FAE04EC0-301F-11D3-BF4B-00C04F79EFBC}") = "EMailEx", "..\EMailEx\EMailEx.csproj", "{39C413B7-9B53-420C-A879-E4A4A54F2068}"
EndProject
Global
	GlobalSection(SourceCodeControl) = preSolution
		SccNumberOfProjects = 10
		SccProjectUniqueName0 = ..\\APISRLab\\APISRLab\\APISRLab.vcproj
		SccProjectName0 = \u0022$/OrderExecution/COMMON/APISRLab\u0022,\u0020SEZCAAAA
		SccLocalPath0 = ..\\APISRLab
		SccProvider0 = MSSCCI:Microsoft\u0020Visual\u0020SourceSafe
		CanCheckoutShared = true
		SccProjectFilePathRelativizedFromConnection0 = APISRLab\\
		SccProjectUniqueName1 = ..\\MarketDataEx\\MarketDataEx.csproj
		SccProjectName1 = \u0022$/OrderExecution/ADMINTOOLS/FrontEnd/ROC.300\u0022,\u0020EKUCAAAA
		SccLocalPath1 = ..
		SccProvider1 = MSSCCI:Microsoft\u0020Visual\u0020SourceSafe
		CanCheckoutShared = true
		SccProjectFilePathRelativizedFromConnection1 = MarketDataEx\\
		SccProjectUniqueName2 = ..\\CSVEx\\CSVEx.csproj
		SccProjectName2 = \u0022$/OrderExecution/ADMINTOOLS/FrontEnd/ROC.300\u0022,\u0020EKUCAAAA
		SccLocalPath2 = ..
		SccProvider2 = MSSCCI:Microsoft\u0020Visual\u0020SourceSafe
		CanCheckoutShared = true
		SccProjectFilePathRelativizedFromConnection2 = CSVEx\\
		SccProjectUniqueName3 = ..\\SerializationEx\\SerializationEx.csproj
		SccProjectName3 = \u0022$/OrderExecution/ADMINTOOLS/FrontEnd/ROC.300\u0022,\u0020EKUCAAAA
		SccLocalPath3 = ..
		SccProvider3 = MSSCCI:Microsoft\u0020Visual\u0020SourceSafe
		CanCheckoutShared = true
		SccProjectFilePathRelativizedFromConnection3 = SerializationEx\\
		SccProjectUniqueName4 = ..\\DictionaryEx\\DictionaryEx.csproj
		SccProjectName4 = \u0022$/OrderExecution/ADMINTOOLS/FrontEnd/ROC.300\u0022,\u0020EKUCAAAA
		SccLocalPath4 = ..
		SccProvider4 = MSSCCI:Microsoft\u0020Visual\u0020SourceSafe
		CanCheckoutShared = true
		SccProjectFilePathRelativizedFromConnection4 = DictionaryEx\\
		SccProjectUniqueName5 = ..\\ArrayEx\\ArrayEx.csproj
		SccProjectName5 = \u0022$/OrderExecution/ADMINTOOLS/FrontEnd/ROC.300\u0022,\u0020EKUCAAAA
		SccLocalPath5 = ..
		SccProvider5 = MSSCCI:Microsoft\u0020Visual\u0020SourceSafe
		CanCheckoutShared = true
		SccProjectFilePathRelativizedFromConnection5 = ArrayEx\\
		SccProjectUniqueName6 = ..\\DateTimeEx\\DateTimeEx.csproj
		SccProjectName6 = \u0022$/OrderExecution/ADMINTOOLS/FrontEnd/ROC.300\u0022,\u0020EKUCAAAA
		SccLocalPath6 = ..
		SccProvider6 = MSSCCI:Microsoft\u0020Visual\u0020SourceSafe
		CanCheckoutShared = true
		SccProjectFilePathRelativizedFromConnection6 = DateTimeEx\\
		SccProjectUniqueName7 = ..\\LoggerEx\\LoggerEx.csproj
		SccProjectName7 = \u0022$/OrderExecution/ADMINTOOLS/FrontEnd/ROC.300\u0022,\u0020EKUCAAAA
		SccLocalPath7 = ..
		SccProvider7 = MSSCCI:Microsoft\u0020Visual\u0020SourceSafe
		CanCheckoutShared = true
		SccProjectFilePathRelativizedFromConnection7 = LoggerEx\\
		SccProjectUniqueName8 = ..\\BenchMarkEx\\BenchMarkEx.csproj
		SccProjectName8 = \u0022$/OrderExecution/ADMINTOOLS/FrontEnd/ROC.300\u0022,\u0020EKUCAAAA
		SccLocalPath8 = ..
		SccProvider8 = MSSCCI:Microsoft\u0020Visual\u0020SourceSafe
		CanCheckoutShared = true
		SccProjectFilePathRelativizedFromConnection8 = BenchMarkEx\\
		SccProjectUniqueName9 = ..\\EMailEx\\EMailEx.csproj
		SccProjectName9 = \u0022$/OrderExecution/ADMINTOOLS/FrontEnd/ROC.300\u0022,\u0020EKUCAAAA
		SccLocalPath9 = ..
		SccProvider9 = MSSCCI:Microsoft\u0020Visual\u0020SourceSafe
		CanCheckoutShared = true
		SccProjectFilePathRelativizedFromConnection9 = EMailEx\\
	EndGlobalSection
	GlobalSection(SolutionConfigurationPlatforms) = preSolution
		Debug|Any CPU = Debug|Any CPU
		Debug|Mixed Platforms = Debug|Mixed Platforms
		Debug|Win32 = Debug|Win32
		Debug|x86 = Debug|x86
		Release|Any CPU = Release|Any CPU
		Release|Mixed Platforms = Release|Mixed Platforms
		Release|Win32 = Release|Win32
		Release|x86 = Release|x86
	EndGlobalSection
	GlobalSection(ProjectConfigurationPlatforms) = postSolution
		{581D858B-C494-4ACC-9002-69439816B8ED}.Debug|Any CPU.ActiveCfg = Debug|Any CPU
		{581D858B-C494-4ACC-9002-69439816B8ED}.Debug|Any CPU.Build.0 = Debug|Any CPU
		{581D858B-C494-4ACC-9002-69439816B8ED}.Debug|Mixed Platforms.ActiveCfg = Debug|Any CPU
		{581D858B-C494-4ACC-9002-69439816B8ED}.Debug|Mixed Platforms.Build.0 = Debug|Any CPU
		{581D858B-C494-4ACC-9002-69439816B8ED}.Debug|Win32.ActiveCfg = Debug|Any CPU
		{581D858B-C494-4ACC-9002-69439816B8ED}.Debug|x86.ActiveCfg = Debug|Any CPU
		{581D858B-C494-4ACC-9002-69439816B8ED}.Release|Any CPU.ActiveCfg = Release|Any CPU
		{581D858B-C494-4ACC-9002-69439816B8ED}.Release|Any CPU.Build.0 = Release|Any CPU
		{581D858B-C494-4ACC-9002-69439816B8ED}.Release|Mixed Platforms.ActiveCfg = Release|Any CPU
		{581D858B-C494-4ACC-9002-69439816B8ED}.Release|Mixed Platforms.Build.0 = Release|Any CPU
		{581D858B-C494-4ACC-9002-69439816B8ED}.Release|Win32.ActiveCfg = Release|Any CPU
		{581D858B-C494-4ACC-9002-69439816B8ED}.Release|x86.ActiveCfg = Release|Any CPU
		{13DCD831-34A9-4618-9536-9C556BB05F6C}.Debug|Any CPU.ActiveCfg = Debug|Win32
		{13DCD831-34A9-4618-9536-9C556BB05F6C}.Debug|Mixed Platforms.ActiveCfg = Debug|Win32
		{13DCD831-34A9-4618-9536-9C556BB05F6C}.Debug|Mixed Platforms.Build.0 = Debug|Win32
		{13DCD831-34A9-4618-9536-9C556BB05F6C}.Debug|Win32.ActiveCfg = Debug|Win32
		{13DCD831-34A9-4618-9536-9C556BB05F6C}.Debug|Win32.Build.0 = Debug|Win32
		{13DCD831-34A9-4618-9536-9C556BB05F6C}.Debug|x86.ActiveCfg = Debug|Win32
		{13DCD831-34A9-4618-9536-9C556BB05F6C}.Release|Any CPU.ActiveCfg = Release|Win32
		{13DCD831-34A9-4618-9536-9C556BB05F6C}.Release|Mixed Platforms.ActiveCfg = Release|Win32
		{13DCD831-34A9-4618-9536-9C556BB05F6C}.Release|Mixed Platforms.Build.0 = Release|Win32
		{13DCD831-34A9-4618-9536-9C556BB05F6C}.Release|Win32.ActiveCfg = Release|Win32
		{13DCD831-34A9-4618-9536-9C556BB05F6C}.Release|Win32.Build.0 = Release|Win32
		{13DCD831-34A9-4618-9536-9C556BB05F6C}.Release|x86.ActiveCfg = Release|Win32
		{05DEC0AE-F3E1-45C4-918A-BCC78BF6B449}.Debug|Any CPU.ActiveCfg = Debug|Any CPU
		{05DEC0AE-F3E1-45C4-918A-BCC78BF6B449}.Debug|Any CPU.Build.0 = Debug|Any CPU
		{05DEC0AE-F3E1-45C4-918A-BCC78BF6B449}.Debug|Mixed Platforms.ActiveCfg = Debug|Any CPU
		{05DEC0AE-F3E1-45C4-918A-BCC78BF6B449}.Debug|Mixed Platforms.Build.0 = Debug|Any CPU
		{05DEC0AE-F3E1-45C4-918A-BCC78BF6B449}.Debug|Win32.ActiveCfg = Debug|Any CPU
		{05DEC0AE-F3E1-45C4-918A-BCC78BF6B449}.Debug|x86.ActiveCfg = Debug|Any CPU
		{05DEC0AE-F3E1-45C4-918A-BCC78BF6B449}.Release|Any CPU.ActiveCfg = Release|Any CPU
		{05DEC0AE-F3E1-45C4-918A-BCC78BF6B449}.Release|Any CPU.Build.0 = Release|Any CPU
		{05DEC0AE-F3E1-45C4-918A-BCC78BF6B449}.Release|Mixed Platforms.ActiveCfg = Release|Any CPU
		{05DEC0AE-F3E1-45C4-918A-BCC78BF6B449}.Release|Mixed Platforms.Build.0 = Release|Any CPU
		{05DEC0AE-F3E1-45C4-918A-BCC78BF6B449}.Release|Win32.ActiveCfg = Release|Any CPU
		{05DEC0AE-F3E1-45C4-918A-BCC78BF6B449}.Release|x86.ActiveCfg = Release|Any CPU
		{3B927E75-C8D6-4FA0-8F65-48DB2740BD88}.Debug|Any CPU.ActiveCfg = Debug|Any CPU
		{3B927E75-C8D6-4FA0-8F65-48DB2740BD88}.Debug|Any CPU.Build.0 = Debug|Any CPU
		{3B927E75-C8D6-4FA0-8F65-48DB2740BD88}.Debug|Mixed Platforms.ActiveCfg = Debug|x86
		{3B927E75-C8D6-4FA0-8F65-48DB2740BD88}.Debug|Mixed Platforms.Build.0 = Debug|x86
		{3B927E75-C8D6-4FA0-8F65-48DB2740BD88}.Debug|Win32.ActiveCfg = Debug|x86
		{3B927E75-C8D6-4FA0-8F65-48DB2740BD88}.Debug|x86.ActiveCfg = Debug|x86
		{3B927E75-C8D6-4FA0-8F65-48DB2740BD88}.Debug|x86.Build.0 = Debug|x86
		{3B927E75-C8D6-4FA0-8F65-48DB2740BD88}.Release|Any CPU.ActiveCfg = Release|Any CPU
		{3B927E75-C8D6-4FA0-8F65-48DB2740BD88}.Release|Any CPU.Build.0 = Release|Any CPU
		{3B927E75-C8D6-4FA0-8F65-48DB2740BD88}.Release|Mixed Platforms.ActiveCfg = Release|x86
		{3B927E75-C8D6-4FA0-8F65-48DB2740BD88}.Release|Mixed Platforms.Build.0 = Release|x86
		{3B927E75-C8D6-4FA0-8F65-48DB2740BD88}.Release|Win32.ActiveCfg = Release|x86
		{3B927E75-C8D6-4FA0-8F65-48DB2740BD88}.Release|x86.ActiveCfg = Release|x86
		{3B927E75-C8D6-4FA0-8F65-48DB2740BD88}.Release|x86.Build.0 = Release|x86
		{35C6744A-3DA9-4E4D-BDDB-C3A9E9474A86}.Debug|Any CPU.ActiveCfg = Debug|Any CPU
		{35C6744A-3DA9-4E4D-BDDB-C3A9E9474A86}.Debug|Any CPU.Build.0 = Debug|Any CPU
		{35C6744A-3DA9-4E4D-BDDB-C3A9E9474A86}.Debug|Mixed Platforms.ActiveCfg = Debug|Any CPU
		{35C6744A-3DA9-4E4D-BDDB-C3A9E9474A86}.Debug|Mixed Platforms.Build.0 = Debug|Any CPU
		{35C6744A-3DA9-4E4D-BDDB-C3A9E9474A86}.Debug|Win32.ActiveCfg = Debug|Any CPU
		{35C6744A-3DA9-4E4D-BDDB-C3A9E9474A86}.Debug|x86.ActiveCfg = Debug|Any CPU
		{35C6744A-3DA9-4E4D-BDDB-C3A9E9474A86}.Release|Any CPU.ActiveCfg = Release|Any CPU
		{35C6744A-3DA9-4E4D-BDDB-C3A9E9474A86}.Release|Any CPU.Build.0 = Release|Any CPU
		{35C6744A-3DA9-4E4D-BDDB-C3A9E9474A86}.Release|Mixed Platforms.ActiveCfg = Release|Any CPU
		{35C6744A-3DA9-4E4D-BDDB-C3A9E9474A86}.Release|Mixed Platforms.Build.0 = Release|Any CPU
		{35C6744A-3DA9-4E4D-BDDB-C3A9E9474A86}.Release|Win32.ActiveCfg = Release|Any CPU
		{35C6744A-3DA9-4E4D-BDDB-C3A9E9474A86}.Release|x86.ActiveCfg = Release|Any CPU
		{BA0B3DF9-6888-42EA-98A7-2CBAB413CB10}.Debug|Any CPU.ActiveCfg = Debug|Any CPU
		{BA0B3DF9-6888-42EA-98A7-2CBAB413CB10}.Debug|Any CPU.Build.0 = Debug|Any CPU
		{BA0B3DF9-6888-42EA-98A7-2CBAB413CB10}.Debug|Mixed Platforms.ActiveCfg = Debug|x86
		{BA0B3DF9-6888-42EA-98A7-2CBAB413CB10}.Debug|Mixed Platforms.Build.0 = Debug|x86
		{BA0B3DF9-6888-42EA-98A7-2CBAB413CB10}.Debug|Win32.ActiveCfg = Debug|x86
		{BA0B3DF9-6888-42EA-98A7-2CBAB413CB10}.Debug|x86.ActiveCfg = Debug|x86
		{BA0B3DF9-6888-42EA-98A7-2CBAB413CB10}.Debug|x86.Build.0 = Debug|x86
		{BA0B3DF9-6888-42EA-98A7-2CBAB413CB10}.Release|Any CPU.ActiveCfg = Release|Any CPU
		{BA0B3DF9-6888-42EA-98A7-2CBAB413CB10}.Release|Any CPU.Build.0 = Release|Any CPU
		{BA0B3DF9-6888-42EA-98A7-2CBAB413CB10}.Release|Mixed Platforms.ActiveCfg = Release|x86
		{BA0B3DF9-6888-42EA-98A7-2CBAB413CB10}.Release|Mixed Platforms.Build.0 = Release|x86
		{BA0B3DF9-6888-42EA-98A7-2CBAB413CB10}.Release|Win32.ActiveCfg = Release|x86
		{BA0B3DF9-6888-42EA-98A7-2CBAB413CB10}.Release|x86.ActiveCfg = Release|x86
		{BA0B3DF9-6888-42EA-98A7-2CBAB413CB10}.Release|x86.Build.0 = Release|x86
		{4075C74D-02B0-48F4-8488-1A6FA79D1DC7}.Debug|Any CPU.ActiveCfg = Debug|Any CPU
		{4075C74D-02B0-48F4-8488-1A6FA79D1DC7}.Debug|Any CPU.Build.0 = Debug|Any CPU
		{4075C74D-02B0-48F4-8488-1A6FA79D1DC7}.Debug|Mixed Platforms.ActiveCfg = Debug|Any CPU
		{4075C74D-02B0-48F4-8488-1A6FA79D1DC7}.Debug|Mixed Platforms.Build.0 = Debug|Any CPU
		{4075C74D-02B0-48F4-8488-1A6FA79D1DC7}.Debug|Win32.ActiveCfg = Debug|Any CPU
		{4075C74D-02B0-48F4-8488-1A6FA79D1DC7}.Debug|x86.ActiveCfg = Debug|Any CPU
		{4075C74D-02B0-48F4-8488-1A6FA79D1DC7}.Release|Any CPU.ActiveCfg = Release|Any CPU
		{4075C74D-02B0-48F4-8488-1A6FA79D1DC7}.Release|Any CPU.Build.0 = Release|Any CPU
		{4075C74D-02B0-48F4-8488-1A6FA79D1DC7}.Release|Mixed Platforms.ActiveCfg = Release|Any CPU
		{4075C74D-02B0-48F4-8488-1A6FA79D1DC7}.Release|Mixed Platforms.Build.0 = Release|Any CPU
		{4075C74D-02B0-48F4-8488-1A6FA79D1DC7}.Release|Win32.ActiveCfg = Release|Any CPU
		{4075C74D-02B0-48F4-8488-1A6FA79D1DC7}.Release|x86.ActiveCfg = Release|Any CPU
		{DC5D6A82-6E1D-48CF-A572-AB84576B2704}.Debug|Any CPU.ActiveCfg = Debug|Any CPU
		{DC5D6A82-6E1D-48CF-A572-AB84576B2704}.Debug|Any CPU.Build.0 = Debug|Any CPU
		{DC5D6A82-6E1D-48CF-A572-AB84576B2704}.Debug|Mixed Platforms.ActiveCfg = Debug|Any CPU
		{DC5D6A82-6E1D-48CF-A572-AB84576B2704}.Debug|Mixed Platforms.Build.0 = Debug|Any CPU
		{DC5D6A82-6E1D-48CF-A572-AB84576B2704}.Debug|Win32.ActiveCfg = Debug|Any CPU
		{DC5D6A82-6E1D-48CF-A572-AB84576B2704}.Debug|x86.ActiveCfg = Debug|Any CPU
		{DC5D6A82-6E1D-48CF-A572-AB84576B2704}.Release|Any CPU.ActiveCfg = Release|Any CPU
		{DC5D6A82-6E1D-48CF-A572-AB84576B2704}.Release|Any CPU.Build.0 = Release|Any CPU
		{DC5D6A82-6E1D-48CF-A572-AB84576B2704}.Release|Mixed Platforms.ActiveCfg = Release|Any CPU
		{DC5D6A82-6E1D-48CF-A572-AB84576B2704}.Release|Mixed Platforms.Build.0 = Release|Any CPU
		{DC5D6A82-6E1D-48CF-A572-AB84576B2704}.Release|Win32.ActiveCfg = Release|Any CPU
		{DC5D6A82-6E1D-48CF-A572-AB84576B2704}.Release|x86.ActiveCfg = Release|Any CPU
		{68A29031-2B21-4D3F-9AEE-5F8226F60A44}.Debug|Any CPU.ActiveCfg = Debug|Any CPU
		{68A29031-2B21-4D3F-9AEE-5F8226F60A44}.Debug|Any CPU.Build.0 = Debug|Any CPU
		{68A29031-2B21-4D3F-9AEE-5F8226F60A44}.Debug|Mixed Platforms.ActiveCfg = Debug|x86
		{68A29031-2B21-4D3F-9AEE-5F8226F60A44}.Debug|Mixed Platforms.Build.0 = Debug|x86
		{68A29031-2B21-4D3F-9AEE-5F8226F60A44}.Debug|Win32.ActiveCfg = Debug|x86
		{68A29031-2B21-4D3F-9AEE-5F8226F60A44}.Debug|x86.ActiveCfg = Debug|x86
		{68A29031-2B21-4D3F-9AEE-5F8226F60A44}.Debug|x86.Build.0 = Debug|x86
		{68A29031-2B21-4D3F-9AEE-5F8226F60A44}.Release|Any CPU.ActiveCfg = Release|Any CPU
		{68A29031-2B21-4D3F-9AEE-5F8226F60A44}.Release|Any CPU.Build.0 = Release|Any CPU
		{68A29031-2B21-4D3F-9AEE-5F8226F60A44}.Release|Mixed Platforms.ActiveCfg = Release|x86
		{68A29031-2B21-4D3F-9AEE-5F8226F60A44}.Release|Mixed Platforms.Build.0 = Release|x86
		{68A29031-2B21-4D3F-9AEE-5F8226F60A44}.Release|Win32.ActiveCfg = Release|x86
		{68A29031-2B21-4D3F-9AEE-5F8226F60A44}.Release|x86.ActiveCfg = Release|x86
		{68A29031-2B21-4D3F-9AEE-5F8226F60A44}.Release|x86.Build.0 = Release|x86
		{650FA26A-3A41-449D-BBC0-877175514B35}.Debug|Any CPU.ActiveCfg = Debug|Any CPU
		{650FA26A-3A41-449D-BBC0-877175514B35}.Debug|Any CPU.Build.0 = Debug|Any CPU
		{650FA26A-3A41-449D-BBC0-877175514B35}.Debug|Mixed Platforms.ActiveCfg = Debug|x86
		{650FA26A-3A41-449D-BBC0-877175514B35}.Debug|Mixed Platforms.Build.0 = Debug|x86
		{650FA26A-3A41-449D-BBC0-877175514B35}.Debug|Win32.ActiveCfg = Debug|x86
		{650FA26A-3A41-449D-BBC0-877175514B35}.Debug|x86.ActiveCfg = Debug|x86
		{650FA26A-3A41-449D-BBC0-877175514B35}.Debug|x86.Build.0 = Debug|x86
		{650FA26A-3A41-449D-BBC0-877175514B35}.Release|Any CPU.ActiveCfg = Release|Any CPU
		{650FA26A-3A41-449D-BBC0-877175514B35}.Release|Any CPU.Build.0 = Release|Any CPU
		{650FA26A-3A41-449D-BBC0-877175514B35}.Release|Mixed Platforms.ActiveCfg = Release|x86
		{650FA26A-3A41-449D-BBC0-877175514B35}.Release|Mixed Platforms.Build.0 = Release|x86
		{650FA26A-3A41-449D-BBC0-877175514B35}.Release|Win32.ActiveCfg = Release|x86
		{650FA26A-3A41-449D-BBC0-877175514B35}.Release|x86.ActiveCfg = Release|x86
		{650FA26A-3A41-449D-BBC0-877175514B35}.Release|x86.Build.0 = Release|x86
		{9487B4C3-3188-4B84-AAEB-CE8321EEA38A}.Debug|Any CPU.ActiveCfg = Debug|Any CPU
		{9487B4C3-3188-4B84-AAEB-CE8321EEA38A}.Debug|Any CPU.Build.0 = Debug|Any CPU
		{9487B4C3-3188-4B84-AAEB-CE8321EEA38A}.Debug|Mixed Platforms.ActiveCfg = Debug|x86
		{9487B4C3-3188-4B84-AAEB-CE8321EEA38A}.Debug|Mixed Platforms.Build.0 = Debug|x86
		{9487B4C3-3188-4B84-AAEB-CE8321EEA38A}.Debug|Win32.ActiveCfg = Debug|x86
		{9487B4C3-3188-4B84-AAEB-CE8321EEA38A}.Debug|x86.ActiveCfg = Debug|x86
		{9487B4C3-3188-4B84-AAEB-CE8321EEA38A}.Debug|x86.Build.0 = Debug|x86
		{9487B4C3-3188-4B84-AAEB-CE8321EEA38A}.Release|Any CPU.ActiveCfg = Release|Any CPU
		{9487B4C3-3188-4B84-AAEB-CE8321EEA38A}.Release|Any CPU.Build.0 = Release|Any CPU
		{9487B4C3-3188-4B84-AAEB-CE8321EEA38A}.Release|Mixed Platforms.ActiveCfg = Release|x86
		{9487B4C3-3188-4B84-AAEB-CE8321EEA38A}.Release|Mixed Platforms.Build.0 = Release|x86
		{9487B4C3-3188-4B84-AAEB-CE8321EEA38A}.Release|Win32.ActiveCfg = Release|x86
		{9487B4C3-3188-4B84-AAEB-CE8321EEA38A}.Release|x86.ActiveCfg = Release|x86
		{9487B4C3-3188-4B84-AAEB-CE8321EEA38A}.Release|x86.Build.0 = Release|x86
		{39C413B7-9B53-420C-A879-E4A4A54F2068}.Debug|Any CPU.ActiveCfg = Debug|Any CPU
		{39C413B7-9B53-420C-A879-E4A4A54F2068}.Debug|Any CPU.Build.0 = Debug|Any CPU
		{39C413B7-9B53-420C-A879-E4A4A54F2068}.Debug|Mixed Platforms.ActiveCfg = Debug|x86
		{39C413B7-9B53-420C-A879-E4A4A54F2068}.Debug|Mixed Platforms.Build.0 = Debug|x86
		{39C413B7-9B53-420C-A879-E4A4A54F2068}.Debug|Win32.ActiveCfg = Debug|x86
		{39C413B7-9B53-420C-A879-E4A4A54F2068}.Debug|x86.ActiveCfg = Debug|x86
		{39C413B7-9B53-420C-A879-E4A4A54F2068}.Debug|x86.Build.0 = Debug|x86
		{39C413B7-9B53-420C-A879-E4A4A54F2068}.Release|Any CPU.ActiveCfg = Release|Any CPU
		{39C413B7-9B53-420C-A879-E4A4A54F2068}.Release|Any CPU.Build.0 = Release|Any CPU
		{39C413B7-9B53-420C-A879-E4A4A54F2068}.Release|Mixed Platforms.ActiveCfg = Release|x86
		{39C413B7-9B53-420C-A879-E4A4A54F2068}.Release|Mixed Platforms.Build.0 = Release|x86
		{39C413B7-9B53-420C-A879-E4A4A54F2068}.Release|Win32.ActiveCfg = Release|x86
		{39C413B7-9B53-420C-A879-E4A4A54F2068}.Release|x86.ActiveCfg = Release|x86
		{39C413B7-9B53-420C-A879-E4A4A54F2068}.Release|x86.Build.0 = Release|x86
	EndGlobalSection
	GlobalSection(SolutionProperties) = preSolution
		HideSolutionNode = FALSE
	EndGlobalSection
EndGlobal
